// !$*UTF8*$!
{
	archiveVersion = 1;
	classes = {
	};
	objectVersion = 56;
	objects = {

/* Begin PBXBuildFile section */
		730D74212CFFC0AD00E57B6B /* UserService.swift in Sources */ = {isa = PBXBuildFile; fileRef = 730D74202CFFC0AD00E57B6B /* UserService.swift */; };
		730D74232CFFC0E500E57B6B /* UserServiceProtocol.swift in Sources */ = {isa = PBXBuildFile; fileRef = 730D74222CFFC0E500E57B6B /* UserServiceProtocol.swift */; };
		730D74252CFFC7A400E57B6B /* MockEventService.swift in Sources */ = {isa = PBXBuildFile; fileRef = 730D74242CFFC7A400E57B6B /* MockEventService.swift */; };
		730D74272CFFCEC300E57B6B /* EventServiceError.swift in Sources */ = {isa = PBXBuildFile; fileRef = 730D74262CFFCEB900E57B6B /* EventServiceError.swift */; };
		730D74292D00B53000E57B6B /* MockAddEventService.swift in Sources */ = {isa = PBXBuildFile; fileRef = 730D74282D00B53000E57B6B /* MockAddEventService.swift */; };
		730D742B2D00BE1A00E57B6B /* AddEventTests.swift in Sources */ = {isa = PBXBuildFile; fileRef = 730D742A2D00BE1A00E57B6B /* AddEventTests.swift */; };
		730D742D2D011E0200E57B6B /* ImageUploaderProtocol.swift in Sources */ = {isa = PBXBuildFile; fileRef = 730D742C2D011E0200E57B6B /* ImageUploaderProtocol.swift */; };
		730D742F2D011E6D00E57B6B /* MockImageUploader.swift in Sources */ = {isa = PBXBuildFile; fileRef = 730D742E2D011E6D00E57B6B /* MockImageUploader.swift */; };
		730D74312D013FDA00E57B6B /* UserServiceMock.swift in Sources */ = {isa = PBXBuildFile; fileRef = 730D74302D013FDA00E57B6B /* UserServiceMock.swift */; };
		730D74332D0140BE00E57B6B /* UserProfileViewModelTests.swift in Sources */ = {isa = PBXBuildFile; fileRef = 730D74322D0140BE00E57B6B /* UserProfileViewModelTests.swift */; };
		731F032E2CDEEAC100D72C42 /* EventoriasApp.swift in Sources */ = {isa = PBXBuildFile; fileRef = 731F032D2CDEEAC100D72C42 /* EventoriasApp.swift */; };
		731F03322CDEEAC300D72C42 /* Assets.xcassets in Resources */ = {isa = PBXBuildFile; fileRef = 731F03312CDEEAC300D72C42 /* Assets.xcassets */; };
		731F03352CDEEAC300D72C42 /* Preview Assets.xcassets in Resources */ = {isa = PBXBuildFile; fileRef = 731F03342CDEEAC300D72C42 /* Preview Assets.xcassets */; };
		731F033F2CDEEAC300D72C42 /* EventoriasTests.swift in Sources */ = {isa = PBXBuildFile; fileRef = 731F033E2CDEEAC300D72C42 /* EventoriasTests.swift */; };
		731F03492CDEEAC300D72C42 /* EventoriasUITests.swift in Sources */ = {isa = PBXBuildFile; fileRef = 731F03482CDEEAC300D72C42 /* EventoriasUITests.swift */; };
		731F034B2CDEEAC300D72C42 /* EventoriasUITestsLaunchTests.swift in Sources */ = {isa = PBXBuildFile; fileRef = 731F034A2CDEEAC300D72C42 /* EventoriasUITestsLaunchTests.swift */; };
		731F03582CDF5F1600D72C42 /* GoogleService-Info.plist in Resources */ = {isa = PBXBuildFile; fileRef = 731F03572CDF5F1600D72C42 /* GoogleService-Info.plist */; };
		731F035C2CDF65DD00D72C42 /* FirebaseAuth in Frameworks */ = {isa = PBXBuildFile; productRef = 731F035B2CDF65DD00D72C42 /* FirebaseAuth */; };
		731F035E2CDF65DD00D72C42 /* FirebaseDatabase in Frameworks */ = {isa = PBXBuildFile; productRef = 731F035D2CDF65DD00D72C42 /* FirebaseDatabase */; };
		731F03622CDF6B4800D72C42 /* SignInView.swift in Sources */ = {isa = PBXBuildFile; fileRef = 731F03612CDF6B4800D72C42 /* SignInView.swift */; };
		7379B0D72CED64870020B6E1 /* EventDetailView.swift in Sources */ = {isa = PBXBuildFile; fileRef = 7379B0D62CED64870020B6E1 /* EventDetailView.swift */; };
		7379B0D92CEE94730020B6E1 /* GoogleMapView.swift in Sources */ = {isa = PBXBuildFile; fileRef = 7379B0D82CEE94730020B6E1 /* GoogleMapView.swift */; };
		738D17042CFD1370000C5881 /* GooglePlacesSwift in Frameworks */ = {isa = PBXBuildFile; productRef = 738D17032CFD1370000C5881 /* GooglePlacesSwift */; };
		738D17062CFD138E000C5881 /* GooglePlaces in Frameworks */ = {isa = PBXBuildFile; productRef = 738D17052CFD138E000C5881 /* GooglePlaces */; };
		738D17082CFD14A3000C5881 /* GoogleAutocompleteAddressView.swift in Sources */ = {isa = PBXBuildFile; fileRef = 738D17072CFD14A3000C5881 /* GoogleAutocompleteAddressView.swift */; };
		738D170A2CFDDFAA000C5881 /* EventItemView.swift in Sources */ = {isa = PBXBuildFile; fileRef = 738D17092CFDDFAA000C5881 /* EventItemView.swift */; };
		738D170C2CFE0EAF000C5881 /* FilterOption.swift in Sources */ = {isa = PBXBuildFile; fileRef = 738D170B2CFE0EAF000C5881 /* FilterOption.swift */; };
		738D17232CFE7B0C000C5881 /* AuthenticationViewModelTests.swift in Sources */ = {isa = PBXBuildFile; fileRef = 738D17222CFE7B0C000C5881 /* AuthenticationViewModelTests.swift */; };
		738D17272CFE7E29000C5881 /* MockAuthenticationService.swift in Sources */ = {isa = PBXBuildFile; fileRef = 738D17262CFE7E29000C5881 /* MockAuthenticationService.swift */; };
		738D172B2CFE8A34000C5881 /* RegistrationViewModelTests.swift in Sources */ = {isa = PBXBuildFile; fileRef = 738D172A2CFE8A34000C5881 /* RegistrationViewModelTests.swift */; };
		738D172D2CFE9234000C5881 /* EventListViewModelTests.swift in Sources */ = {isa = PBXBuildFile; fileRef = 738D172C2CFE9234000C5881 /* EventListViewModelTests.swift */; };
		73A2C68C2CFF771A00F16DEC /* EventService.swift in Sources */ = {isa = PBXBuildFile; fileRef = 73A2C68B2CFF771A00F16DEC /* EventService.swift */; };
		73A2C68E2CFF779300F16DEC /* EventServiceProtocol.swift in Sources */ = {isa = PBXBuildFile; fileRef = 73A2C68D2CFF779300F16DEC /* EventServiceProtocol.swift */; };
		73C853752CEB760600E1FA41 /* EventoriasAppViewModel.swift in Sources */ = {isa = PBXBuildFile; fileRef = 73C853742CEB760600E1FA41 /* EventoriasAppViewModel.swift */; };
		73C853822CED485600E1FA41 /* UserProfileView.swift in Sources */ = {isa = PBXBuildFile; fileRef = 73C853812CED485600E1FA41 /* UserProfileView.swift */; };
		73D1C5862CE11A5000A87D65 /* EntryFieldView.swift in Sources */ = {isa = PBXBuildFile; fileRef = 73D1C5852CE11A5000A87D65 /* EntryFieldView.swift */; };
		73D1C5882CE11B0500A87D65 /* RegistrationView.swift in Sources */ = {isa = PBXBuildFile; fileRef = 73D1C5872CE11B0500A87D65 /* RegistrationView.swift */; };
		73D1C58A2CE12A1900A87D65 /* PasswordEntryFieldView.swift in Sources */ = {isa = PBXBuildFile; fileRef = 73D1C5892CE12A1900A87D65 /* PasswordEntryFieldView.swift */; };
		73D1C58C2CE1421200A87D65 /* EventListView.swift in Sources */ = {isa = PBXBuildFile; fileRef = 73D1C58B2CE1421200A87D65 /* EventListView.swift */; };
		73D1C5902CE159D700A87D65 /* AuthenticationViewModel.swift in Sources */ = {isa = PBXBuildFile; fileRef = 73D1C58F2CE159D700A87D65 /* AuthenticationViewModel.swift */; };
		73D1C5942CE1649D00A87D65 /* AuthenticationServiceProtocol.swift in Sources */ = {isa = PBXBuildFile; fileRef = 73D1C5932CE1649D00A87D65 /* AuthenticationServiceProtocol.swift */; };
		73D1C5962CE1650500A87D65 /* AuthenticationService.swift in Sources */ = {isa = PBXBuildFile; fileRef = 73D1C5952CE1650500A87D65 /* AuthenticationService.swift */; };
		73D1C5982CE16AF400A87D65 /* RedButton.swift in Sources */ = {isa = PBXBuildFile; fileRef = 73D1C5972CE16AF300A87D65 /* RedButton.swift */; };
		73D1C59A2CE225F000A87D65 /* RegistrationViewModel.swift in Sources */ = {isa = PBXBuildFile; fileRef = 73D1C5992CE225F000A87D65 /* RegistrationViewModel.swift */; };
		73D1C59D2CE258BB00A87D65 /* AuthCredentials.swift in Sources */ = {isa = PBXBuildFile; fileRef = 73D1C59C2CE258BB00A87D65 /* AuthCredentials.swift */; };
		73D1C59F2CE25CC300A87D65 /* ImageUploader.swift in Sources */ = {isa = PBXBuildFile; fileRef = 73D1C59E2CE25CC300A87D65 /* ImageUploader.swift */; };
		73D1C5A12CE25D1600A87D65 /* FirebaseStorage in Frameworks */ = {isa = PBXBuildFile; productRef = 73D1C5A02CE25D1600A87D65 /* FirebaseStorage */; };
		73D1C5A32CE25F4700A87D65 /* FirebaseFirestore in Frameworks */ = {isa = PBXBuildFile; productRef = 73D1C5A22CE25F4700A87D65 /* FirebaseFirestore */; };
		73D1C5A52CE28D3700A87D65 /* ImagePicker.swift in Sources */ = {isa = PBXBuildFile; fileRef = 73D1C5A42CE28D3700A87D65 /* ImagePicker.swift */; };
		73D1C5A72CE3D83200A87D65 /* EventRequestModel.swift in Sources */ = {isa = PBXBuildFile; fileRef = 73D1C5A62CE3D83200A87D65 /* EventRequestModel.swift */; };
		73D1C5A92CE4DFCD00A87D65 /* EventListViewModel.swift in Sources */ = {isa = PBXBuildFile; fileRef = 73D1C5A82CE4DFCD00A87D65 /* EventListViewModel.swift */; };
		73FFE2772CEEA2630091B931 /* GoogleMaps in Frameworks */ = {isa = PBXBuildFile; productRef = 73FFE2762CEEA2630091B931 /* GoogleMaps */; };
		73FFE2792CEFA98E0091B931 /* CreateEventViewModel.swift in Sources */ = {isa = PBXBuildFile; fileRef = 73FFE2782CEFA98E0091B931 /* CreateEventViewModel.swift */; };
		73FFE27B2CEFA9F10091B931 /* AddEventProtocol.swift in Sources */ = {isa = PBXBuildFile; fileRef = 73FFE27A2CEFA9F10091B931 /* AddEventProtocol.swift */; };
		73FFE27D2CEFAA9E0091B931 /* AddEventService.swift in Sources */ = {isa = PBXBuildFile; fileRef = 73FFE27C2CEFAA9E0091B931 /* AddEventService.swift */; };
		73FFE2BB2CEFF7010091B931 /* CreateEventView.swift in Sources */ = {isa = PBXBuildFile; fileRef = 73FFE2BA2CEFF7010091B931 /* CreateEventView.swift */; };
		73FFE2BD2CF0EBBD0091B931 /* UserProfileViewModel.swift in Sources */ = {isa = PBXBuildFile; fileRef = 73FFE2BC2CF0EBBD0091B931 /* UserProfileViewModel.swift */; };
		73FFE2BF2CF333870091B931 /* EventResponseModel.swift in Sources */ = {isa = PBXBuildFile; fileRef = 73FFE2BE2CF333870091B931 /* EventResponseModel.swift */; };
		73FFE2C12CF37C430091B931 /* EventCategory.swift in Sources */ = {isa = PBXBuildFile; fileRef = 73FFE2C02CF37C340091B931 /* EventCategory.swift */; };
		73FFE2C52CF3D57A0091B931 /* UserResponseModel.swift in Sources */ = {isa = PBXBuildFile; fileRef = 73FFE2C42CF3D5740091B931 /* UserResponseModel.swift */; };
		73FFE2C72CF8B4690091B931 /* EventModel.swift in Sources */ = {isa = PBXBuildFile; fileRef = 73FFE2C62CF8B4690091B931 /* EventModel.swift */; };
		73FFE2CA2CF8F36A0091B931 /* UserRequestModel.swift in Sources */ = {isa = PBXBuildFile; fileRef = 73FFE2C92CF8F36A0091B931 /* UserRequestModel.swift */; };
		73FFE2CC2CF906470091B931 /* ImagePickerView.swift in Sources */ = {isa = PBXBuildFile; fileRef = 73FFE2CB2CF906460091B931 /* ImagePickerView.swift */; };
/* End PBXBuildFile section */

/* Begin PBXContainerItemProxy section */
		731F033B2CDEEAC300D72C42 /* PBXContainerItemProxy */ = {
			isa = PBXContainerItemProxy;
			containerPortal = 731F03222CDEEAC100D72C42 /* Project object */;
			proxyType = 1;
			remoteGlobalIDString = 731F03292CDEEAC100D72C42;
			remoteInfo = Eventorias;
		};
		731F03452CDEEAC300D72C42 /* PBXContainerItemProxy */ = {
			isa = PBXContainerItemProxy;
			containerPortal = 731F03222CDEEAC100D72C42 /* Project object */;
			proxyType = 1;
			remoteGlobalIDString = 731F03292CDEEAC100D72C42;
			remoteInfo = Eventorias;
		};
/* End PBXContainerItemProxy section */

/* Begin PBXFileReference section */
		730D74202CFFC0AD00E57B6B /* UserService.swift */ = {isa = PBXFileReference; lastKnownFileType = sourcecode.swift; path = UserService.swift; sourceTree = "<group>"; };
		730D74222CFFC0E500E57B6B /* UserServiceProtocol.swift */ = {isa = PBXFileReference; lastKnownFileType = sourcecode.swift; path = UserServiceProtocol.swift; sourceTree = "<group>"; };
		730D74242CFFC7A400E57B6B /* MockEventService.swift */ = {isa = PBXFileReference; lastKnownFileType = sourcecode.swift; path = MockEventService.swift; sourceTree = "<group>"; };
		730D74262CFFCEB900E57B6B /* EventServiceError.swift */ = {isa = PBXFileReference; lastKnownFileType = sourcecode.swift; path = EventServiceError.swift; sourceTree = "<group>"; };
		730D74282D00B53000E57B6B /* MockAddEventService.swift */ = {isa = PBXFileReference; lastKnownFileType = sourcecode.swift; path = MockAddEventService.swift; sourceTree = "<group>"; };
		730D742A2D00BE1A00E57B6B /* AddEventTests.swift */ = {isa = PBXFileReference; lastKnownFileType = sourcecode.swift; path = AddEventTests.swift; sourceTree = "<group>"; };
		730D742C2D011E0200E57B6B /* ImageUploaderProtocol.swift */ = {isa = PBXFileReference; lastKnownFileType = sourcecode.swift; path = ImageUploaderProtocol.swift; sourceTree = "<group>"; };
		730D742E2D011E6D00E57B6B /* MockImageUploader.swift */ = {isa = PBXFileReference; lastKnownFileType = sourcecode.swift; path = MockImageUploader.swift; sourceTree = "<group>"; };
		730D74302D013FDA00E57B6B /* UserServiceMock.swift */ = {isa = PBXFileReference; lastKnownFileType = sourcecode.swift; path = UserServiceMock.swift; sourceTree = "<group>"; };
		730D74322D0140BE00E57B6B /* UserProfileViewModelTests.swift */ = {isa = PBXFileReference; lastKnownFileType = sourcecode.swift; path = UserProfileViewModelTests.swift; sourceTree = "<group>"; };
		730D74342D022DB000E57B6B /* Eventorias.xctestplan */ = {isa = PBXFileReference; lastKnownFileType = text; path = Eventorias.xctestplan; sourceTree = "<group>"; };
		731F032D2CDEEAC100D72C42 /* EventoriasApp.swift */ = {isa = PBXFileReference; lastKnownFileType = sourcecode.swift; path = EventoriasApp.swift; sourceTree = "<group>"; };
		731F03312CDEEAC300D72C42 /* Assets.xcassets */ = {isa = PBXFileReference; lastKnownFileType = folder.assetcatalog; path = Assets.xcassets; sourceTree = "<group>"; };
		731F03342CDEEAC300D72C42 /* Preview Assets.xcassets */ = {isa = PBXFileReference; lastKnownFileType = folder.assetcatalog; path = "Preview Assets.xcassets"; sourceTree = "<group>"; };
		731F033E2CDEEAC300D72C42 /* EventoriasTests.swift */ = {isa = PBXFileReference; lastKnownFileType = sourcecode.swift; path = EventoriasTests.swift; sourceTree = "<group>"; };
		731F03482CDEEAC300D72C42 /* EventoriasUITests.swift */ = {isa = PBXFileReference; lastKnownFileType = sourcecode.swift; path = EventoriasUITests.swift; sourceTree = "<group>"; };
		731F034A2CDEEAC300D72C42 /* EventoriasUITestsLaunchTests.swift */ = {isa = PBXFileReference; lastKnownFileType = sourcecode.swift; path = EventoriasUITestsLaunchTests.swift; sourceTree = "<group>"; };
		731F03572CDF5F1600D72C42 /* GoogleService-Info.plist */ = {isa = PBXFileReference; fileEncoding = 4; lastKnownFileType = text.plist.xml; path = "GoogleService-Info.plist"; sourceTree = "<group>"; };
		731F03612CDF6B4800D72C42 /* SignInView.swift */ = {isa = PBXFileReference; lastKnownFileType = sourcecode.swift; path = SignInView.swift; sourceTree = "<group>"; };
		7379B0D62CED64870020B6E1 /* EventDetailView.swift */ = {isa = PBXFileReference; lastKnownFileType = sourcecode.swift; path = EventDetailView.swift; sourceTree = "<group>"; };
		7379B0D82CEE94730020B6E1 /* GoogleMapView.swift */ = {isa = PBXFileReference; lastKnownFileType = sourcecode.swift; path = GoogleMapView.swift; sourceTree = "<group>"; };
		738D17072CFD14A3000C5881 /* GoogleAutocompleteAddressView.swift */ = {isa = PBXFileReference; lastKnownFileType = sourcecode.swift; path = GoogleAutocompleteAddressView.swift; sourceTree = "<group>"; };
		738D17092CFDDFAA000C5881 /* EventItemView.swift */ = {isa = PBXFileReference; lastKnownFileType = sourcecode.swift; path = EventItemView.swift; sourceTree = "<group>"; };
		738D170B2CFE0EAF000C5881 /* FilterOption.swift */ = {isa = PBXFileReference; lastKnownFileType = sourcecode.swift; path = FilterOption.swift; sourceTree = "<group>"; };
		738D17222CFE7B0C000C5881 /* AuthenticationViewModelTests.swift */ = {isa = PBXFileReference; lastKnownFileType = sourcecode.swift; path = AuthenticationViewModelTests.swift; sourceTree = "<group>"; };
		738D17262CFE7E29000C5881 /* MockAuthenticationService.swift */ = {isa = PBXFileReference; lastKnownFileType = sourcecode.swift; path = MockAuthenticationService.swift; sourceTree = "<group>"; };
		738D172A2CFE8A34000C5881 /* RegistrationViewModelTests.swift */ = {isa = PBXFileReference; lastKnownFileType = sourcecode.swift; path = RegistrationViewModelTests.swift; sourceTree = "<group>"; };
		738D172C2CFE9234000C5881 /* EventListViewModelTests.swift */ = {isa = PBXFileReference; lastKnownFileType = sourcecode.swift; path = EventListViewModelTests.swift; sourceTree = "<group>"; };
		73A2C68B2CFF771A00F16DEC /* EventService.swift */ = {isa = PBXFileReference; lastKnownFileType = sourcecode.swift; path = EventService.swift; sourceTree = "<group>"; };
		73A2C68D2CFF779300F16DEC /* EventServiceProtocol.swift */ = {isa = PBXFileReference; lastKnownFileType = sourcecode.swift; path = EventServiceProtocol.swift; sourceTree = "<group>"; };
		73C853742CEB760600E1FA41 /* EventoriasAppViewModel.swift */ = {isa = PBXFileReference; lastKnownFileType = sourcecode.swift; path = EventoriasAppViewModel.swift; sourceTree = "<group>"; };
		73C853812CED485600E1FA41 /* UserProfileView.swift */ = {isa = PBXFileReference; lastKnownFileType = sourcecode.swift; path = UserProfileView.swift; sourceTree = "<group>"; };
		73D1C5802CE0FDCD00A87D65 /* Eventorias.app */ = {isa = PBXFileReference; explicitFileType = wrapper.application; includeInIndex = 0; path = Eventorias.app; sourceTree = BUILT_PRODUCTS_DIR; };
		73D1C5812CE0FDCD00A87D65 /* EventoriasTests.xctest */ = {isa = PBXFileReference; explicitFileType = wrapper.cfbundle; includeInIndex = 0; path = EventoriasTests.xctest; sourceTree = BUILT_PRODUCTS_DIR; };
		73D1C5822CE0FDCD00A87D65 /* EventoriasUITests.xctest */ = {isa = PBXFileReference; explicitFileType = wrapper.cfbundle; includeInIndex = 0; path = EventoriasUITests.xctest; sourceTree = BUILT_PRODUCTS_DIR; };
		73D1C5852CE11A5000A87D65 /* EntryFieldView.swift */ = {isa = PBXFileReference; lastKnownFileType = sourcecode.swift; path = EntryFieldView.swift; sourceTree = "<group>"; };
		73D1C5872CE11B0500A87D65 /* RegistrationView.swift */ = {isa = PBXFileReference; lastKnownFileType = sourcecode.swift; path = RegistrationView.swift; sourceTree = "<group>"; };
		73D1C5892CE12A1900A87D65 /* PasswordEntryFieldView.swift */ = {isa = PBXFileReference; lastKnownFileType = sourcecode.swift; path = PasswordEntryFieldView.swift; sourceTree = "<group>"; };
		73D1C58B2CE1421200A87D65 /* EventListView.swift */ = {isa = PBXFileReference; lastKnownFileType = sourcecode.swift; path = EventListView.swift; sourceTree = "<group>"; };
		73D1C58F2CE159D700A87D65 /* AuthenticationViewModel.swift */ = {isa = PBXFileReference; lastKnownFileType = sourcecode.swift; path = AuthenticationViewModel.swift; sourceTree = "<group>"; };
		73D1C5932CE1649D00A87D65 /* AuthenticationServiceProtocol.swift */ = {isa = PBXFileReference; lastKnownFileType = sourcecode.swift; path = AuthenticationServiceProtocol.swift; sourceTree = "<group>"; };
		73D1C5952CE1650500A87D65 /* AuthenticationService.swift */ = {isa = PBXFileReference; lastKnownFileType = sourcecode.swift; path = AuthenticationService.swift; sourceTree = "<group>"; };
		73D1C5972CE16AF300A87D65 /* RedButton.swift */ = {isa = PBXFileReference; lastKnownFileType = sourcecode.swift; path = RedButton.swift; sourceTree = "<group>"; };
		73D1C5992CE225F000A87D65 /* RegistrationViewModel.swift */ = {isa = PBXFileReference; lastKnownFileType = sourcecode.swift; path = RegistrationViewModel.swift; sourceTree = "<group>"; };
		73D1C59C2CE258BB00A87D65 /* AuthCredentials.swift */ = {isa = PBXFileReference; lastKnownFileType = sourcecode.swift; path = AuthCredentials.swift; sourceTree = "<group>"; };
		73D1C59E2CE25CC300A87D65 /* ImageUploader.swift */ = {isa = PBXFileReference; lastKnownFileType = sourcecode.swift; path = ImageUploader.swift; sourceTree = "<group>"; };
		73D1C5A42CE28D3700A87D65 /* ImagePicker.swift */ = {isa = PBXFileReference; lastKnownFileType = sourcecode.swift; path = ImagePicker.swift; sourceTree = "<group>"; };
		73D1C5A62CE3D83200A87D65 /* EventRequestModel.swift */ = {isa = PBXFileReference; lastKnownFileType = sourcecode.swift; path = EventRequestModel.swift; sourceTree = "<group>"; };
		73D1C5A82CE4DFCD00A87D65 /* EventListViewModel.swift */ = {isa = PBXFileReference; lastKnownFileType = sourcecode.swift; path = EventListViewModel.swift; sourceTree = "<group>"; };
		73FFE2782CEFA98E0091B931 /* CreateEventViewModel.swift */ = {isa = PBXFileReference; lastKnownFileType = sourcecode.swift; path = CreateEventViewModel.swift; sourceTree = "<group>"; };
		73FFE27A2CEFA9F10091B931 /* AddEventProtocol.swift */ = {isa = PBXFileReference; lastKnownFileType = sourcecode.swift; path = AddEventProtocol.swift; sourceTree = "<group>"; };
		73FFE27C2CEFAA9E0091B931 /* AddEventService.swift */ = {isa = PBXFileReference; lastKnownFileType = sourcecode.swift; path = AddEventService.swift; sourceTree = "<group>"; };
		73FFE2BA2CEFF7010091B931 /* CreateEventView.swift */ = {isa = PBXFileReference; lastKnownFileType = sourcecode.swift; path = CreateEventView.swift; sourceTree = "<group>"; };
		73FFE2BC2CF0EBBD0091B931 /* UserProfileViewModel.swift */ = {isa = PBXFileReference; lastKnownFileType = sourcecode.swift; path = UserProfileViewModel.swift; sourceTree = "<group>"; };
		73FFE2BE2CF333870091B931 /* EventResponseModel.swift */ = {isa = PBXFileReference; lastKnownFileType = sourcecode.swift; path = EventResponseModel.swift; sourceTree = "<group>"; };
		73FFE2C02CF37C340091B931 /* EventCategory.swift */ = {isa = PBXFileReference; lastKnownFileType = sourcecode.swift; path = EventCategory.swift; sourceTree = "<group>"; };
		73FFE2C42CF3D5740091B931 /* UserResponseModel.swift */ = {isa = PBXFileReference; lastKnownFileType = sourcecode.swift; path = UserResponseModel.swift; sourceTree = "<group>"; };
		73FFE2C62CF8B4690091B931 /* EventModel.swift */ = {isa = PBXFileReference; lastKnownFileType = sourcecode.swift; path = EventModel.swift; sourceTree = "<group>"; };
		73FFE2C92CF8F36A0091B931 /* UserRequestModel.swift */ = {isa = PBXFileReference; lastKnownFileType = sourcecode.swift; path = UserRequestModel.swift; sourceTree = "<group>"; };
		73FFE2CB2CF906460091B931 /* ImagePickerView.swift */ = {isa = PBXFileReference; lastKnownFileType = sourcecode.swift; path = ImagePickerView.swift; sourceTree = "<group>"; };
/* End PBXFileReference section */

/* Begin PBXFrameworksBuildPhase section */
		731F03272CDEEAC100D72C42 /* Frameworks */ = {
			isa = PBXFrameworksBuildPhase;
			buildActionMask = 2147483647;
			files = (
				731F035E2CDF65DD00D72C42 /* FirebaseDatabase in Frameworks */,
				73D1C5A32CE25F4700A87D65 /* FirebaseFirestore in Frameworks */,
				738D17062CFD138E000C5881 /* GooglePlaces in Frameworks */,
				73FFE2772CEEA2630091B931 /* GoogleMaps in Frameworks */,
				731F035C2CDF65DD00D72C42 /* FirebaseAuth in Frameworks */,
				73D1C5A12CE25D1600A87D65 /* FirebaseStorage in Frameworks */,
				738D17042CFD1370000C5881 /* GooglePlacesSwift in Frameworks */,
			);
			runOnlyForDeploymentPostprocessing = 0;
		};
		731F03372CDEEAC300D72C42 /* Frameworks */ = {
			isa = PBXFrameworksBuildPhase;
			buildActionMask = 2147483647;
			files = (
			);
			runOnlyForDeploymentPostprocessing = 0;
		};
		731F03412CDEEAC300D72C42 /* Frameworks */ = {
			isa = PBXFrameworksBuildPhase;
			buildActionMask = 2147483647;
			files = (
			);
			runOnlyForDeploymentPostprocessing = 0;
		};
/* End PBXFrameworksBuildPhase section */

/* Begin PBXGroup section */
		731F03212CDEEAC100D72C42 = {
			isa = PBXGroup;
			children = (
				730D74342D022DB000E57B6B /* Eventorias.xctestplan */,
				73D1C5A42CE28D3700A87D65 /* ImagePicker.swift */,
				731F03572CDF5F1600D72C42 /* GoogleService-Info.plist */,
				731F032C2CDEEAC100D72C42 /* Eventorias */,
				731F033D2CDEEAC300D72C42 /* EventoriasTests */,
				731F03472CDEEAC300D72C42 /* EventoriasUITests */,
				731F035A2CDF65DD00D72C42 /* Frameworks */,
				73D1C5802CE0FDCD00A87D65 /* Eventorias.app */,
				73D1C5812CE0FDCD00A87D65 /* EventoriasTests.xctest */,
				73D1C5822CE0FDCD00A87D65 /* EventoriasUITests.xctest */,
			);
			sourceTree = "<group>";
		};
		731F032C2CDEEAC100D72C42 /* Eventorias */ = {
			isa = PBXGroup;
			children = (
				738D17252CFE7C89000C5881 /* GoogleMaps */,
				738D17242CFE7BD8000C5881 /* Service */,
				73D1C59B2CE257A200A87D65 /* Model */,
				73D1C58E2CE159C600A87D65 /* ViewModel */,
				73D1C58D2CE159BC00A87D65 /* View */,
				731F032D2CDEEAC100D72C42 /* EventoriasApp.swift */,
				731F03312CDEEAC300D72C42 /* Assets.xcassets */,
				731F03332CDEEAC300D72C42 /* Preview Content */,
			);
			path = Eventorias;
			sourceTree = "<group>";
		};
		731F03332CDEEAC300D72C42 /* Preview Content */ = {
			isa = PBXGroup;
			children = (
				731F03342CDEEAC300D72C42 /* Preview Assets.xcassets */,
			);
			path = "Preview Content";
			sourceTree = "<group>";
		};
		731F033D2CDEEAC300D72C42 /* EventoriasTests */ = {
			isa = PBXGroup;
			children = (
				731F033E2CDEEAC300D72C42 /* EventoriasTests.swift */,
				738D17222CFE7B0C000C5881 /* AuthenticationViewModelTests.swift */,
				738D17262CFE7E29000C5881 /* MockAuthenticationService.swift */,
				730D74242CFFC7A400E57B6B /* MockEventService.swift */,
				738D172A2CFE8A34000C5881 /* RegistrationViewModelTests.swift */,
				738D172C2CFE9234000C5881 /* EventListViewModelTests.swift */,
				730D74282D00B53000E57B6B /* MockAddEventService.swift */,
				730D742A2D00BE1A00E57B6B /* AddEventTests.swift */,
				730D742E2D011E6D00E57B6B /* MockImageUploader.swift */,
				730D74302D013FDA00E57B6B /* UserServiceMock.swift */,
				730D74322D0140BE00E57B6B /* UserProfileViewModelTests.swift */,
			);
			path = EventoriasTests;
			sourceTree = "<group>";
		};
		731F03472CDEEAC300D72C42 /* EventoriasUITests */ = {
			isa = PBXGroup;
			children = (
				731F03482CDEEAC300D72C42 /* EventoriasUITests.swift */,
				731F034A2CDEEAC300D72C42 /* EventoriasUITestsLaunchTests.swift */,
			);
			path = EventoriasUITests;
			sourceTree = "<group>";
		};
		731F035A2CDF65DD00D72C42 /* Frameworks */ = {
			isa = PBXGroup;
			children = (
			);
			name = Frameworks;
			sourceTree = "<group>";
		};
		738D17242CFE7BD8000C5881 /* Service */ = {
			isa = PBXGroup;
			children = (
				730D74262CFFCEB900E57B6B /* EventServiceError.swift */,
				73D1C5932CE1649D00A87D65 /* AuthenticationServiceProtocol.swift */,
				73FFE27A2CEFA9F10091B931 /* AddEventProtocol.swift */,
				73FFE27C2CEFAA9E0091B931 /* AddEventService.swift */,
				73D1C5952CE1650500A87D65 /* AuthenticationService.swift */,
				73A2C68B2CFF771A00F16DEC /* EventService.swift */,
				73A2C68D2CFF779300F16DEC /* EventServiceProtocol.swift */,
				730D74202CFFC0AD00E57B6B /* UserService.swift */,
				730D74222CFFC0E500E57B6B /* UserServiceProtocol.swift */,
			);
			path = Service;
			sourceTree = "<group>";
		};
		738D17252CFE7C89000C5881 /* GoogleMaps */ = {
			isa = PBXGroup;
			children = (
				7379B0D82CEE94730020B6E1 /* GoogleMapView.swift */,
				738D17072CFD14A3000C5881 /* GoogleAutocompleteAddressView.swift */,
			);
			path = GoogleMaps;
			sourceTree = "<group>";
		};
		73D1C58D2CE159BC00A87D65 /* View */ = {
			isa = PBXGroup;
			children = (
				73D1C59E2CE25CC300A87D65 /* ImageUploader.swift */,
				730D742C2D011E0200E57B6B /* ImageUploaderProtocol.swift */,
				73D1C5972CE16AF300A87D65 /* RedButton.swift */,
				731F03612CDF6B4800D72C42 /* SignInView.swift */,
				73D1C58B2CE1421200A87D65 /* EventListView.swift */,
				7379B0D62CED64870020B6E1 /* EventDetailView.swift */,
				73D1C5892CE12A1900A87D65 /* PasswordEntryFieldView.swift */,
				73D1C5872CE11B0500A87D65 /* RegistrationView.swift */,
				73FFE2CB2CF906460091B931 /* ImagePickerView.swift */,
				73D1C5852CE11A5000A87D65 /* EntryFieldView.swift */,
				73C853812CED485600E1FA41 /* UserProfileView.swift */,
				73FFE2BA2CEFF7010091B931 /* CreateEventView.swift */,
				738D17092CFDDFAA000C5881 /* EventItemView.swift */,
				738D170B2CFE0EAF000C5881 /* FilterOption.swift */,
			);
			path = View;
			sourceTree = "<group>";
		};
		73D1C58E2CE159C600A87D65 /* ViewModel */ = {
			isa = PBXGroup;
			children = (
				73C853742CEB760600E1FA41 /* EventoriasAppViewModel.swift */,
				73D1C58F2CE159D700A87D65 /* AuthenticationViewModel.swift */,
				73D1C5992CE225F000A87D65 /* RegistrationViewModel.swift */,
				73D1C5A82CE4DFCD00A87D65 /* EventListViewModel.swift */,
				73FFE2782CEFA98E0091B931 /* CreateEventViewModel.swift */,
				73FFE2BC2CF0EBBD0091B931 /* UserProfileViewModel.swift */,
			);
			path = ViewModel;
			sourceTree = "<group>";
		};
		73D1C59B2CE257A200A87D65 /* Model */ = {
			isa = PBXGroup;
			children = (
				73FFE2C02CF37C340091B931 /* EventCategory.swift */,
				73D1C59C2CE258BB00A87D65 /* AuthCredentials.swift */,
				73FFE2C42CF3D5740091B931 /* UserResponseModel.swift */,
				73D1C5A62CE3D83200A87D65 /* EventRequestModel.swift */,
				73FFE2BE2CF333870091B931 /* EventResponseModel.swift */,
				73FFE2C62CF8B4690091B931 /* EventModel.swift */,
				73FFE2C92CF8F36A0091B931 /* UserRequestModel.swift */,
			);
			path = Model;
			sourceTree = "<group>";
		};
/* End PBXGroup section */

/* Begin PBXNativeTarget section */
		731F03292CDEEAC100D72C42 /* Eventorias */ = {
			isa = PBXNativeTarget;
			buildConfigurationList = 731F034E2CDEEAC300D72C42 /* Build configuration list for PBXNativeTarget "Eventorias" */;
			buildPhases = (
				731F03262CDEEAC100D72C42 /* Sources */,
				731F03272CDEEAC100D72C42 /* Frameworks */,
				731F03282CDEEAC100D72C42 /* Resources */,
			);
			buildRules = (
			);
			dependencies = (
			);
			name = Eventorias;
			packageProductDependencies = (
				731F035B2CDF65DD00D72C42 /* FirebaseAuth */,
				731F035D2CDF65DD00D72C42 /* FirebaseDatabase */,
				73D1C5A02CE25D1600A87D65 /* FirebaseStorage */,
				73D1C5A22CE25F4700A87D65 /* FirebaseFirestore */,
				73FFE2762CEEA2630091B931 /* GoogleMaps */,
				738D17032CFD1370000C5881 /* GooglePlacesSwift */,
				738D17052CFD138E000C5881 /* GooglePlaces */,
			);
			productName = Eventorias;
			productReference = 73D1C5802CE0FDCD00A87D65 /* Eventorias.app */;
			productType = "com.apple.product-type.application";
		};
		731F03392CDEEAC300D72C42 /* EventoriasTests */ = {
			isa = PBXNativeTarget;
			buildConfigurationList = 731F03512CDEEAC300D72C42 /* Build configuration list for PBXNativeTarget "EventoriasTests" */;
			buildPhases = (
				731F03362CDEEAC300D72C42 /* Sources */,
				731F03372CDEEAC300D72C42 /* Frameworks */,
				731F03382CDEEAC300D72C42 /* Resources */,
			);
			buildRules = (
			);
			dependencies = (
				731F033C2CDEEAC300D72C42 /* PBXTargetDependency */,
			);
			name = EventoriasTests;
			productName = EventoriasTests;
			productReference = 73D1C5812CE0FDCD00A87D65 /* EventoriasTests.xctest */;
			productType = "com.apple.product-type.bundle.unit-test";
		};
		731F03432CDEEAC300D72C42 /* EventoriasUITests */ = {
			isa = PBXNativeTarget;
			buildConfigurationList = 731F03542CDEEAC300D72C42 /* Build configuration list for PBXNativeTarget "EventoriasUITests" */;
			buildPhases = (
				731F03402CDEEAC300D72C42 /* Sources */,
				731F03412CDEEAC300D72C42 /* Frameworks */,
				731F03422CDEEAC300D72C42 /* Resources */,
			);
			buildRules = (
			);
			dependencies = (
				731F03462CDEEAC300D72C42 /* PBXTargetDependency */,
			);
			name = EventoriasUITests;
			productName = EventoriasUITests;
			productReference = 73D1C5822CE0FDCD00A87D65 /* EventoriasUITests.xctest */;
			productType = "com.apple.product-type.bundle.ui-testing";
		};
/* End PBXNativeTarget section */

/* Begin PBXProject section */
		731F03222CDEEAC100D72C42 /* Project object */ = {
			isa = PBXProject;
			attributes = {
				BuildIndependentTargetsInParallel = 1;
				LastSwiftUpdateCheck = 1500;
				LastUpgradeCheck = 1500;
				TargetAttributes = {
					731F03292CDEEAC100D72C42 = {
						CreatedOnToolsVersion = 15.0;
					};
					731F03392CDEEAC300D72C42 = {
						CreatedOnToolsVersion = 15.0;
						TestTargetID = 731F03292CDEEAC100D72C42;
					};
					731F03432CDEEAC300D72C42 = {
						CreatedOnToolsVersion = 15.0;
						TestTargetID = 731F03292CDEEAC100D72C42;
					};
				};
			};
			buildConfigurationList = 731F03252CDEEAC100D72C42 /* Build configuration list for PBXProject "Eventorias" */;
			compatibilityVersion = "Xcode 14.0";
			developmentRegion = en;
			hasScannedForEncodings = 0;
			knownRegions = (
				en,
				Base,
			);
			mainGroup = 731F03212CDEEAC100D72C42;
			packageReferences = (
				731F03592CDF615000D72C42 /* XCRemoteSwiftPackageReference "firebase-ios-sdk" */,
				73FFE2752CEEA2630091B931 /* XCRemoteSwiftPackageReference "ios-maps-sdk" */,
				738D17022CFD1370000C5881 /* XCRemoteSwiftPackageReference "ios-places-sdk" */,
			);
			productRefGroup = 731F03212CDEEAC100D72C42;
			projectDirPath = "";
			projectRoot = "";
			targets = (
				731F03292CDEEAC100D72C42 /* Eventorias */,
				731F03392CDEEAC300D72C42 /* EventoriasTests */,
				731F03432CDEEAC300D72C42 /* EventoriasUITests */,
			);
		};
/* End PBXProject section */

/* Begin PBXResourcesBuildPhase section */
		731F03282CDEEAC100D72C42 /* Resources */ = {
			isa = PBXResourcesBuildPhase;
			buildActionMask = 2147483647;
			files = (
				731F03352CDEEAC300D72C42 /* Preview Assets.xcassets in Resources */,
				731F03322CDEEAC300D72C42 /* Assets.xcassets in Resources */,
				731F03582CDF5F1600D72C42 /* GoogleService-Info.plist in Resources */,
			);
			runOnlyForDeploymentPostprocessing = 0;
		};
		731F03382CDEEAC300D72C42 /* Resources */ = {
			isa = PBXResourcesBuildPhase;
			buildActionMask = 2147483647;
			files = (
			);
			runOnlyForDeploymentPostprocessing = 0;
		};
		731F03422CDEEAC300D72C42 /* Resources */ = {
			isa = PBXResourcesBuildPhase;
			buildActionMask = 2147483647;
			files = (
			);
			runOnlyForDeploymentPostprocessing = 0;
		};
/* End PBXResourcesBuildPhase section */

/* Begin PBXSourcesBuildPhase section */
		731F03262CDEEAC100D72C42 /* Sources */ = {
			isa = PBXSourcesBuildPhase;
			buildActionMask = 2147483647;
			files = (
				73D1C5862CE11A5000A87D65 /* EntryFieldView.swift in Sources */,
				73C853822CED485600E1FA41 /* UserProfileView.swift in Sources */,
				738D17082CFD14A3000C5881 /* GoogleAutocompleteAddressView.swift in Sources */,
				73D1C59A2CE225F000A87D65 /* RegistrationViewModel.swift in Sources */,
				73FFE27B2CEFA9F10091B931 /* AddEventProtocol.swift in Sources */,
				73FFE2CA2CF8F36A0091B931 /* UserRequestModel.swift in Sources */,
				738D170C2CFE0EAF000C5881 /* FilterOption.swift in Sources */,
				73A2C68C2CFF771A00F16DEC /* EventService.swift in Sources */,
				73FFE27D2CEFAA9E0091B931 /* AddEventService.swift in Sources */,
				73D1C5942CE1649D00A87D65 /* AuthenticationServiceProtocol.swift in Sources */,
				73C853752CEB760600E1FA41 /* EventoriasAppViewModel.swift in Sources */,
				73D1C5962CE1650500A87D65 /* AuthenticationService.swift in Sources */,
				73D1C59D2CE258BB00A87D65 /* AuthCredentials.swift in Sources */,
				731F03622CDF6B4800D72C42 /* SignInView.swift in Sources */,
				73FFE2C12CF37C430091B931 /* EventCategory.swift in Sources */,
				73FFE2CC2CF906470091B931 /* ImagePickerView.swift in Sources */,
				738D170A2CFDDFAA000C5881 /* EventItemView.swift in Sources */,
				73D1C59F2CE25CC300A87D65 /* ImageUploader.swift in Sources */,
				73FFE2BF2CF333870091B931 /* EventResponseModel.swift in Sources */,
				73D1C58C2CE1421200A87D65 /* EventListView.swift in Sources */,
				7379B0D92CEE94730020B6E1 /* GoogleMapView.swift in Sources */,
				730D74272CFFCEC300E57B6B /* EventServiceError.swift in Sources */,
				73D1C5902CE159D700A87D65 /* AuthenticationViewModel.swift in Sources */,
				73A2C68E2CFF779300F16DEC /* EventServiceProtocol.swift in Sources */,
				7379B0D72CED64870020B6E1 /* EventDetailView.swift in Sources */,
				73D1C58A2CE12A1900A87D65 /* PasswordEntryFieldView.swift in Sources */,
				73D1C5982CE16AF400A87D65 /* RedButton.swift in Sources */,
				73D1C5A92CE4DFCD00A87D65 /* EventListViewModel.swift in Sources */,
				73FFE2BD2CF0EBBD0091B931 /* UserProfileViewModel.swift in Sources */,
				730D74232CFFC0E500E57B6B /* UserServiceProtocol.swift in Sources */,
				73D1C5A52CE28D3700A87D65 /* ImagePicker.swift in Sources */,
				73D1C5882CE11B0500A87D65 /* RegistrationView.swift in Sources */,
				730D74212CFFC0AD00E57B6B /* UserService.swift in Sources */,
				73D1C5A72CE3D83200A87D65 /* EventRequestModel.swift in Sources */,
				73FFE2BB2CEFF7010091B931 /* CreateEventView.swift in Sources */,
				731F032E2CDEEAC100D72C42 /* EventoriasApp.swift in Sources */,
				73FFE2792CEFA98E0091B931 /* CreateEventViewModel.swift in Sources */,
				730D742D2D011E0200E57B6B /* ImageUploaderProtocol.swift in Sources */,
				73FFE2C72CF8B4690091B931 /* EventModel.swift in Sources */,
				73FFE2C52CF3D57A0091B931 /* UserResponseModel.swift in Sources */,
			);
			runOnlyForDeploymentPostprocessing = 0;
		};
		731F03362CDEEAC300D72C42 /* Sources */ = {
			isa = PBXSourcesBuildPhase;
			buildActionMask = 2147483647;
			files = (
				730D742F2D011E6D00E57B6B /* MockImageUploader.swift in Sources */,
				738D17232CFE7B0C000C5881 /* AuthenticationViewModelTests.swift in Sources */,
				730D74292D00B53000E57B6B /* MockAddEventService.swift in Sources */,
				738D17272CFE7E29000C5881 /* MockAuthenticationService.swift in Sources */,
				730D74252CFFC7A400E57B6B /* MockEventService.swift in Sources */,
				730D74332D0140BE00E57B6B /* UserProfileViewModelTests.swift in Sources */,
				730D742B2D00BE1A00E57B6B /* AddEventTests.swift in Sources */,
				738D172D2CFE9234000C5881 /* EventListViewModelTests.swift in Sources */,
				738D172B2CFE8A34000C5881 /* RegistrationViewModelTests.swift in Sources */,
				730D74312D013FDA00E57B6B /* UserServiceMock.swift in Sources */,
				731F033F2CDEEAC300D72C42 /* EventoriasTests.swift in Sources */,
			);
			runOnlyForDeploymentPostprocessing = 0;
		};
		731F03402CDEEAC300D72C42 /* Sources */ = {
			isa = PBXSourcesBuildPhase;
			buildActionMask = 2147483647;
			files = (
				731F034B2CDEEAC300D72C42 /* EventoriasUITestsLaunchTests.swift in Sources */,
				731F03492CDEEAC300D72C42 /* EventoriasUITests.swift in Sources */,
			);
			runOnlyForDeploymentPostprocessing = 0;
		};
/* End PBXSourcesBuildPhase section */

/* Begin PBXTargetDependency section */
		731F033C2CDEEAC300D72C42 /* PBXTargetDependency */ = {
			isa = PBXTargetDependency;
			target = 731F03292CDEEAC100D72C42 /* Eventorias */;
			targetProxy = 731F033B2CDEEAC300D72C42 /* PBXContainerItemProxy */;
		};
		731F03462CDEEAC300D72C42 /* PBXTargetDependency */ = {
			isa = PBXTargetDependency;
			target = 731F03292CDEEAC100D72C42 /* Eventorias */;
			targetProxy = 731F03452CDEEAC300D72C42 /* PBXContainerItemProxy */;
		};
/* End PBXTargetDependency section */

/* Begin XCBuildConfiguration section */
		731F034C2CDEEAC300D72C42 /* Debug */ = {
			isa = XCBuildConfiguration;
			buildSettings = {
				ALWAYS_SEARCH_USER_PATHS = NO;
				ASSETCATALOG_COMPILER_GENERATE_SWIFT_ASSET_SYMBOL_EXTENSIONS = YES;
				CLANG_ANALYZER_NONNULL = YES;
				CLANG_ANALYZER_NUMBER_OBJECT_CONVERSION = YES_AGGRESSIVE;
				CLANG_CXX_LANGUAGE_STANDARD = "gnu++20";
				CLANG_ENABLE_MODULES = YES;
				CLANG_ENABLE_OBJC_ARC = YES;
				CLANG_ENABLE_OBJC_WEAK = YES;
				CLANG_WARN_BLOCK_CAPTURE_AUTORELEASING = YES;
				CLANG_WARN_BOOL_CONVERSION = YES;
				CLANG_WARN_COMMA = YES;
				CLANG_WARN_CONSTANT_CONVERSION = YES;
				CLANG_WARN_DEPRECATED_OBJC_IMPLEMENTATIONS = YES;
				CLANG_WARN_DIRECT_OBJC_ISA_USAGE = YES_ERROR;
				CLANG_WARN_DOCUMENTATION_COMMENTS = YES;
				CLANG_WARN_EMPTY_BODY = YES;
				CLANG_WARN_ENUM_CONVERSION = YES;
				CLANG_WARN_INFINITE_RECURSION = YES;
				CLANG_WARN_INT_CONVERSION = YES;
				CLANG_WARN_NON_LITERAL_NULL_CONVERSION = YES;
				CLANG_WARN_OBJC_IMPLICIT_RETAIN_SELF = YES;
				CLANG_WARN_OBJC_LITERAL_CONVERSION = YES;
				CLANG_WARN_OBJC_ROOT_CLASS = YES_ERROR;
				CLANG_WARN_QUOTED_INCLUDE_IN_FRAMEWORK_HEADER = YES;
				CLANG_WARN_RANGE_LOOP_ANALYSIS = YES;
				CLANG_WARN_STRICT_PROTOTYPES = YES;
				CLANG_WARN_SUSPICIOUS_MOVE = YES;
				CLANG_WARN_UNGUARDED_AVAILABILITY = YES_AGGRESSIVE;
				CLANG_WARN_UNREACHABLE_CODE = YES;
				CLANG_WARN__DUPLICATE_METHOD_MATCH = YES;
				COPY_PHASE_STRIP = NO;
				DEBUG_INFORMATION_FORMAT = dwarf;
				ENABLE_STRICT_OBJC_MSGSEND = YES;
				ENABLE_TESTABILITY = YES;
				ENABLE_USER_SCRIPT_SANDBOXING = YES;
				GCC_C_LANGUAGE_STANDARD = gnu17;
				GCC_DYNAMIC_NO_PIC = NO;
				GCC_NO_COMMON_BLOCKS = YES;
				GCC_OPTIMIZATION_LEVEL = 0;
				GCC_PREPROCESSOR_DEFINITIONS = (
					"DEBUG=1",
					"$(inherited)",
				);
				GCC_WARN_64_TO_32_BIT_CONVERSION = YES;
				GCC_WARN_ABOUT_RETURN_TYPE = YES_ERROR;
				GCC_WARN_UNDECLARED_SELECTOR = YES;
				GCC_WARN_UNINITIALIZED_AUTOS = YES_AGGRESSIVE;
				GCC_WARN_UNUSED_FUNCTION = YES;
				GCC_WARN_UNUSED_VARIABLE = YES;
				IPHONEOS_DEPLOYMENT_TARGET = 17.0;
				LOCALIZATION_PREFERS_STRING_CATALOGS = YES;
				MTL_ENABLE_DEBUG_INFO = INCLUDE_SOURCE;
				MTL_FAST_MATH = YES;
				ONLY_ACTIVE_ARCH = YES;
				SDKROOT = iphoneos;
				SWIFT_ACTIVE_COMPILATION_CONDITIONS = "DEBUG $(inherited)";
				SWIFT_OPTIMIZATION_LEVEL = "-Onone";
			};
			name = Debug;
		};
		731F034D2CDEEAC300D72C42 /* Release */ = {
			isa = XCBuildConfiguration;
			buildSettings = {
				ALWAYS_SEARCH_USER_PATHS = NO;
				ASSETCATALOG_COMPILER_GENERATE_SWIFT_ASSET_SYMBOL_EXTENSIONS = YES;
				CLANG_ANALYZER_NONNULL = YES;
				CLANG_ANALYZER_NUMBER_OBJECT_CONVERSION = YES_AGGRESSIVE;
				CLANG_CXX_LANGUAGE_STANDARD = "gnu++20";
				CLANG_ENABLE_MODULES = YES;
				CLANG_ENABLE_OBJC_ARC = YES;
				CLANG_ENABLE_OBJC_WEAK = YES;
				CLANG_WARN_BLOCK_CAPTURE_AUTORELEASING = YES;
				CLANG_WARN_BOOL_CONVERSION = YES;
				CLANG_WARN_COMMA = YES;
				CLANG_WARN_CONSTANT_CONVERSION = YES;
				CLANG_WARN_DEPRECATED_OBJC_IMPLEMENTATIONS = YES;
				CLANG_WARN_DIRECT_OBJC_ISA_USAGE = YES_ERROR;
				CLANG_WARN_DOCUMENTATION_COMMENTS = YES;
				CLANG_WARN_EMPTY_BODY = YES;
				CLANG_WARN_ENUM_CONVERSION = YES;
				CLANG_WARN_INFINITE_RECURSION = YES;
				CLANG_WARN_INT_CONVERSION = YES;
				CLANG_WARN_NON_LITERAL_NULL_CONVERSION = YES;
				CLANG_WARN_OBJC_IMPLICIT_RETAIN_SELF = YES;
				CLANG_WARN_OBJC_LITERAL_CONVERSION = YES;
				CLANG_WARN_OBJC_ROOT_CLASS = YES_ERROR;
				CLANG_WARN_QUOTED_INCLUDE_IN_FRAMEWORK_HEADER = YES;
				CLANG_WARN_RANGE_LOOP_ANALYSIS = YES;
				CLANG_WARN_STRICT_PROTOTYPES = YES;
				CLANG_WARN_SUSPICIOUS_MOVE = YES;
				CLANG_WARN_UNGUARDED_AVAILABILITY = YES_AGGRESSIVE;
				CLANG_WARN_UNREACHABLE_CODE = YES;
				CLANG_WARN__DUPLICATE_METHOD_MATCH = YES;
				COPY_PHASE_STRIP = NO;
				DEBUG_INFORMATION_FORMAT = "dwarf-with-dsym";
				ENABLE_NS_ASSERTIONS = NO;
				ENABLE_STRICT_OBJC_MSGSEND = YES;
				ENABLE_USER_SCRIPT_SANDBOXING = YES;
				GCC_C_LANGUAGE_STANDARD = gnu17;
				GCC_NO_COMMON_BLOCKS = YES;
				GCC_WARN_64_TO_32_BIT_CONVERSION = YES;
				GCC_WARN_ABOUT_RETURN_TYPE = YES_ERROR;
				GCC_WARN_UNDECLARED_SELECTOR = YES;
				GCC_WARN_UNINITIALIZED_AUTOS = YES_AGGRESSIVE;
				GCC_WARN_UNUSED_FUNCTION = YES;
				GCC_WARN_UNUSED_VARIABLE = YES;
				IPHONEOS_DEPLOYMENT_TARGET = 17.0;
				LOCALIZATION_PREFERS_STRING_CATALOGS = YES;
				MTL_ENABLE_DEBUG_INFO = NO;
				MTL_FAST_MATH = YES;
				SDKROOT = iphoneos;
				SWIFT_COMPILATION_MODE = wholemodule;
				VALIDATE_PRODUCT = YES;
			};
			name = Release;
		};
		731F034F2CDEEAC300D72C42 /* Debug */ = {
			isa = XCBuildConfiguration;
			buildSettings = {
				ASSETCATALOG_COMPILER_APPICON_NAME = AppIcon;
				ASSETCATALOG_COMPILER_GLOBAL_ACCENT_COLOR_NAME = AccentColor;
				CODE_SIGN_STYLE = Automatic;
				CURRENT_PROJECT_VERSION = 1;
				DEVELOPMENT_ASSET_PATHS = "\"Eventorias/Preview Content\"";
				ENABLE_PREVIEWS = YES;
				GENERATE_INFOPLIST_FILE = YES;
				INFOPLIST_KEY_UIApplicationSceneManifest_Generation = YES;
				INFOPLIST_KEY_UIApplicationSupportsIndirectInputEvents = YES;
				INFOPLIST_KEY_UILaunchScreen_Generation = YES;
				INFOPLIST_KEY_UIStatusBarStyle = UIStatusBarStyleDarkContent;
				INFOPLIST_KEY_UISupportedInterfaceOrientations = UIInterfaceOrientationPortrait;
				INFOPLIST_KEY_UIUserInterfaceStyle = Dark;
				LD_RUNPATH_SEARCH_PATHS = (
					"$(inherited)",
					"@executable_path/Frameworks",
				);
				MARKETING_VERSION = 1.0;
				PRODUCT_BUNDLE_IDENTIFIER = louise.Eventorias;
				PRODUCT_NAME = "$(TARGET_NAME)";
				SWIFT_EMIT_LOC_STRINGS = YES;
				SWIFT_VERSION = 5.0;
				TARGETED_DEVICE_FAMILY = "1,2";
			};
			name = Debug;
		};
		731F03502CDEEAC300D72C42 /* Release */ = {
			isa = XCBuildConfiguration;
			buildSettings = {
				ASSETCATALOG_COMPILER_APPICON_NAME = AppIcon;
				ASSETCATALOG_COMPILER_GLOBAL_ACCENT_COLOR_NAME = AccentColor;
				CODE_SIGN_STYLE = Automatic;
				CURRENT_PROJECT_VERSION = 1;
				DEVELOPMENT_ASSET_PATHS = "\"Eventorias/Preview Content\"";
				ENABLE_PREVIEWS = YES;
				GENERATE_INFOPLIST_FILE = YES;
				INFOPLIST_KEY_UIApplicationSceneManifest_Generation = YES;
				INFOPLIST_KEY_UIApplicationSupportsIndirectInputEvents = YES;
				INFOPLIST_KEY_UILaunchScreen_Generation = YES;
				INFOPLIST_KEY_UIStatusBarStyle = UIStatusBarStyleDarkContent;
				INFOPLIST_KEY_UISupportedInterfaceOrientations = UIInterfaceOrientationPortrait;
				INFOPLIST_KEY_UIUserInterfaceStyle = Dark;
				LD_RUNPATH_SEARCH_PATHS = (
					"$(inherited)",
					"@executable_path/Frameworks",
				);
				MARKETING_VERSION = 1.0;
				PRODUCT_BUNDLE_IDENTIFIER = louise.Eventorias;
				PRODUCT_NAME = "$(TARGET_NAME)";
				SWIFT_EMIT_LOC_STRINGS = YES;
				SWIFT_VERSION = 5.0;
				TARGETED_DEVICE_FAMILY = "1,2";
			};
			name = Release;
		};
		731F03522CDEEAC300D72C42 /* Debug */ = {
			isa = XCBuildConfiguration;
			buildSettings = {
				ALWAYS_EMBED_SWIFT_STANDARD_LIBRARIES = YES;
				BUNDLE_LOADER = "$(TEST_HOST)";
				CODE_SIGN_STYLE = Automatic;
				CURRENT_PROJECT_VERSION = 1;
				GENERATE_INFOPLIST_FILE = YES;
				IPHONEOS_DEPLOYMENT_TARGET = 17.0;
				MARKETING_VERSION = 1.0;
				PRODUCT_BUNDLE_IDENTIFIER = louise.EventoriasTests;
				PRODUCT_NAME = "$(TARGET_NAME)";
				SWIFT_EMIT_LOC_STRINGS = NO;
				SWIFT_VERSION = 5.0;
				TARGETED_DEVICE_FAMILY = "1,2";
				TEST_HOST = "$(BUILT_PRODUCTS_DIR)/Eventorias.app/$(BUNDLE_EXECUTABLE_FOLDER_PATH)/Eventorias";
			};
			name = Debug;
		};
		731F03532CDEEAC300D72C42 /* Release */ = {
			isa = XCBuildConfiguration;
			buildSettings = {
				ALWAYS_EMBED_SWIFT_STANDARD_LIBRARIES = YES;
				BUNDLE_LOADER = "$(TEST_HOST)";
				CODE_SIGN_STYLE = Automatic;
				CURRENT_PROJECT_VERSION = 1;
				GENERATE_INFOPLIST_FILE = YES;
				IPHONEOS_DEPLOYMENT_TARGET = 17.0;
				MARKETING_VERSION = 1.0;
				PRODUCT_BUNDLE_IDENTIFIER = louise.EventoriasTests;
				PRODUCT_NAME = "$(TARGET_NAME)";
				SWIFT_EMIT_LOC_STRINGS = NO;
				SWIFT_VERSION = 5.0;
				TARGETED_DEVICE_FAMILY = "1,2";
				TEST_HOST = "$(BUILT_PRODUCTS_DIR)/Eventorias.app/$(BUNDLE_EXECUTABLE_FOLDER_PATH)/Eventorias";
			};
			name = Release;
		};
		731F03552CDEEAC300D72C42 /* Debug */ = {
			isa = XCBuildConfiguration;
			buildSettings = {
				ALWAYS_EMBED_SWIFT_STANDARD_LIBRARIES = YES;
				CODE_SIGN_STYLE = Automatic;
				CURRENT_PROJECT_VERSION = 1;
				GENERATE_INFOPLIST_FILE = YES;
				MARKETING_VERSION = 1.0;
				PRODUCT_BUNDLE_IDENTIFIER = louise.EventoriasUITests;
				PRODUCT_NAME = "$(TARGET_NAME)";
				SWIFT_EMIT_LOC_STRINGS = NO;
				SWIFT_VERSION = 5.0;
				TARGETED_DEVICE_FAMILY = "1,2";
				TEST_TARGET_NAME = Eventorias;
			};
			name = Debug;
		};
		731F03562CDEEAC300D72C42 /* Release */ = {
			isa = XCBuildConfiguration;
			buildSettings = {
				ALWAYS_EMBED_SWIFT_STANDARD_LIBRARIES = YES;
				CODE_SIGN_STYLE = Automatic;
				CURRENT_PROJECT_VERSION = 1;
				GENERATE_INFOPLIST_FILE = YES;
				MARKETING_VERSION = 1.0;
				PRODUCT_BUNDLE_IDENTIFIER = louise.EventoriasUITests;
				PRODUCT_NAME = "$(TARGET_NAME)";
				SWIFT_EMIT_LOC_STRINGS = NO;
				SWIFT_VERSION = 5.0;
				TARGETED_DEVICE_FAMILY = "1,2";
				TEST_TARGET_NAME = Eventorias;
			};
			name = Release;
		};
/* End XCBuildConfiguration section */

/* Begin XCConfigurationList section */
		731F03252CDEEAC100D72C42 /* Build configuration list for PBXProject "Eventorias" */ = {
			isa = XCConfigurationList;
			buildConfigurations = (
				731F034C2CDEEAC300D72C42 /* Debug */,
				731F034D2CDEEAC300D72C42 /* Release */,
			);
			defaultConfigurationIsVisible = 0;
			defaultConfigurationName = Release;
		};
		731F034E2CDEEAC300D72C42 /* Build configuration list for PBXNativeTarget "Eventorias" */ = {
			isa = XCConfigurationList;
			buildConfigurations = (
				731F034F2CDEEAC300D72C42 /* Debug */,
				731F03502CDEEAC300D72C42 /* Release */,
			);
			defaultConfigurationIsVisible = 0;
			defaultConfigurationName = Release;
		};
		731F03512CDEEAC300D72C42 /* Build configuration list for PBXNativeTarget "EventoriasTests" */ = {
			isa = XCConfigurationList;
			buildConfigurations = (
				731F03522CDEEAC300D72C42 /* Debug */,
				731F03532CDEEAC300D72C42 /* Release */,
			);
			defaultConfigurationIsVisible = 0;
			defaultConfigurationName = Release;
		};
		731F03542CDEEAC300D72C42 /* Build configuration list for PBXNativeTarget "EventoriasUITests" */ = {
			isa = XCConfigurationList;
			buildConfigurations = (
				731F03552CDEEAC300D72C42 /* Debug */,
				731F03562CDEEAC300D72C42 /* Release */,
			);
			defaultConfigurationIsVisible = 0;
			defaultConfigurationName = Release;
		};
/* End XCConfigurationList section */

/* Begin XCRemoteSwiftPackageReference section */
		731F03592CDF615000D72C42 /* XCRemoteSwiftPackageReference "firebase-ios-sdk" */ = {
			isa = XCRemoteSwiftPackageReference;
			repositoryURL = "https://github.com/firebase/firebase-ios-sdk";
			requirement = {
				kind = upToNextMajorVersion;
				minimumVersion = 11.4.0;
			};
		};
		738D17022CFD1370000C5881 /* XCRemoteSwiftPackageReference "ios-places-sdk" */ = {
			isa = XCRemoteSwiftPackageReference;
			repositoryURL = "https://github.com/googlemaps/ios-places-sdk";
			requirement = {
				kind = upToNextMajorVersion;
				minimumVersion = 9.2.0;
			};
		};
		73FFE2752CEEA2630091B931 /* XCRemoteSwiftPackageReference "ios-maps-sdk" */ = {
			isa = XCRemoteSwiftPackageReference;
			repositoryURL = "https://github.com/googlemaps/ios-maps-sdk";
			requirement = {
				kind = upToNextMajorVersion;
				minimumVersion = 9.2.0;
			};
		};
/* End XCRemoteSwiftPackageReference section */

/* Begin XCSwiftPackageProductDependency section */
		731F035B2CDF65DD00D72C42 /* FirebaseAuth */ = {
			isa = XCSwiftPackageProductDependency;
			package = 731F03592CDF615000D72C42 /* XCRemoteSwiftPackageReference "firebase-ios-sdk" */;
			productName = FirebaseAuth;
		};
		731F035D2CDF65DD00D72C42 /* FirebaseDatabase */ = {
			isa = XCSwiftPackageProductDependency;
			package = 731F03592CDF615000D72C42 /* XCRemoteSwiftPackageReference "firebase-ios-sdk" */;
			productName = FirebaseDatabase;
		};
		738D17032CFD1370000C5881 /* GooglePlacesSwift */ = {
			isa = XCSwiftPackageProductDependency;
			package = 738D17022CFD1370000C5881 /* XCRemoteSwiftPackageReference "ios-places-sdk" */;
			productName = GooglePlacesSwift;
		};
		738D17052CFD138E000C5881 /* GooglePlaces */ = {
			isa = XCSwiftPackageProductDependency;
			package = 738D17022CFD1370000C5881 /* XCRemoteSwiftPackageReference "ios-places-sdk" */;
			productName = GooglePlaces;
		};
		73D1C5A02CE25D1600A87D65 /* FirebaseStorage */ = {
			isa = XCSwiftPackageProductDependency;
			package = 731F03592CDF615000D72C42 /* XCRemoteSwiftPackageReference "firebase-ios-sdk" */;
			productName = FirebaseStorage;
		};
		73D1C5A22CE25F4700A87D65 /* FirebaseFirestore */ = {
			isa = XCSwiftPackageProductDependency;
			package = 731F03592CDF615000D72C42 /* XCRemoteSwiftPackageReference "firebase-ios-sdk" */;
			productName = FirebaseFirestore;
		};
		73FFE2762CEEA2630091B931 /* GoogleMaps */ = {
			isa = XCSwiftPackageProductDependency;
			package = 73FFE2752CEEA2630091B931 /* XCRemoteSwiftPackageReference "ios-maps-sdk" */;
			productName = GoogleMaps;
		};
/* End XCSwiftPackageProductDependency section */
	};
	rootObject = 731F03222CDEEAC100D72C42 /* Project object */;
}
