// !$*UTF8*$!
{
	archiveVersion = 1;
	classes = {
	};
	objectVersion = 56;
	objects = {

/* Begin PBXBuildFile section */
		731F032E2CDEEAC100D72C42 /* EventoriasApp.swift in Sources */ = {isa = PBXBuildFile; fileRef = 731F032D2CDEEAC100D72C42 /* EventoriasApp.swift */; };
		731F03322CDEEAC300D72C42 /* Assets.xcassets in Resources */ = {isa = PBXBuildFile; fileRef = 731F03312CDEEAC300D72C42 /* Assets.xcassets */; };
		731F03352CDEEAC300D72C42 /* Preview Assets.xcassets in Resources */ = {isa = PBXBuildFile; fileRef = 731F03342CDEEAC300D72C42 /* Preview Assets.xcassets */; };
		731F033F2CDEEAC300D72C42 /* EventoriasTests.swift in Sources */ = {isa = PBXBuildFile; fileRef = 731F033E2CDEEAC300D72C42 /* EventoriasTests.swift */; };
		731F03492CDEEAC300D72C42 /* EventoriasUITests.swift in Sources */ = {isa = PBXBuildFile; fileRef = 731F03482CDEEAC300D72C42 /* EventoriasUITests.swift */; };
		731F034B2CDEEAC300D72C42 /* EventoriasUITestsLaunchTests.swift in Sources */ = {isa = PBXBuildFile; fileRef = 731F034A2CDEEAC300D72C42 /* EventoriasUITestsLaunchTests.swift */; };
		731F03582CDF5F1600D72C42 /* GoogleService-Info.plist in Resources */ = {isa = PBXBuildFile; fileRef = 731F03572CDF5F1600D72C42 /* GoogleService-Info.plist */; };
		731F035C2CDF65DD00D72C42 /* FirebaseAuth in Frameworks */ = {isa = PBXBuildFile; productRef = 731F035B2CDF65DD00D72C42 /* FirebaseAuth */; };
		731F035E2CDF65DD00D72C42 /* FirebaseDatabase in Frameworks */ = {isa = PBXBuildFile; productRef = 731F035D2CDF65DD00D72C42 /* FirebaseDatabase */; };
		731F03602CDF695100D72C42 /* AppDelegateAdaptator.swift in Sources */ = {isa = PBXBuildFile; fileRef = 731F035F2CDF695100D72C42 /* AppDelegateAdaptator.swift */; };
		731F03622CDF6B4800D72C42 /* SignInView.swift in Sources */ = {isa = PBXBuildFile; fileRef = 731F03612CDF6B4800D72C42 /* SignInView.swift */; };
		73D1C5862CE11A5000A87D65 /* EntryFieldView.swift in Sources */ = {isa = PBXBuildFile; fileRef = 73D1C5852CE11A5000A87D65 /* EntryFieldView.swift */; };
		73D1C5882CE11B0500A87D65 /* RegistrationView.swift in Sources */ = {isa = PBXBuildFile; fileRef = 73D1C5872CE11B0500A87D65 /* RegistrationView.swift */; };
		73D1C58A2CE12A1900A87D65 /* PasswordEntryFieldView.swift in Sources */ = {isa = PBXBuildFile; fileRef = 73D1C5892CE12A1900A87D65 /* PasswordEntryFieldView.swift */; };
		73D1C58C2CE1421200A87D65 /* EventListView.swift in Sources */ = {isa = PBXBuildFile; fileRef = 73D1C58B2CE1421200A87D65 /* EventListView.swift */; };
		73D1C5902CE159D700A87D65 /* SignInViewModel.swift in Sources */ = {isa = PBXBuildFile; fileRef = 73D1C58F2CE159D700A87D65 /* SignInViewModel.swift */; };
		73D1C5942CE1649D00A87D65 /* AuthenticationServiceProtocol.swift in Sources */ = {isa = PBXBuildFile; fileRef = 73D1C5932CE1649D00A87D65 /* AuthenticationServiceProtocol.swift */; };
		73D1C5962CE1650500A87D65 /* AuthenticationService.swift in Sources */ = {isa = PBXBuildFile; fileRef = 73D1C5952CE1650500A87D65 /* AuthenticationService.swift */; };
		73D1C5982CE16AF400A87D65 /* RedButton.swift in Sources */ = {isa = PBXBuildFile; fileRef = 73D1C5972CE16AF300A87D65 /* RedButton.swift */; };
		73D1C59A2CE225F000A87D65 /* RegistrationViewModel.swift in Sources */ = {isa = PBXBuildFile; fileRef = 73D1C5992CE225F000A87D65 /* RegistrationViewModel.swift */; };
/* End PBXBuildFile section */

/* Begin PBXContainerItemProxy section */
		731F033B2CDEEAC300D72C42 /* PBXContainerItemProxy */ = {
			isa = PBXContainerItemProxy;
			containerPortal = 731F03222CDEEAC100D72C42 /* Project object */;
			proxyType = 1;
			remoteGlobalIDString = 731F03292CDEEAC100D72C42;
			remoteInfo = Eventorias;
		};
		731F03452CDEEAC300D72C42 /* PBXContainerItemProxy */ = {
			isa = PBXContainerItemProxy;
			containerPortal = 731F03222CDEEAC100D72C42 /* Project object */;
			proxyType = 1;
			remoteGlobalIDString = 731F03292CDEEAC100D72C42;
			remoteInfo = Eventorias;
		};
/* End PBXContainerItemProxy section */

/* Begin PBXFileReference section */
		731F032D2CDEEAC100D72C42 /* EventoriasApp.swift */ = {isa = PBXFileReference; lastKnownFileType = sourcecode.swift; path = EventoriasApp.swift; sourceTree = "<group>"; };
		731F03312CDEEAC300D72C42 /* Assets.xcassets */ = {isa = PBXFileReference; lastKnownFileType = folder.assetcatalog; path = Assets.xcassets; sourceTree = "<group>"; };
		731F03342CDEEAC300D72C42 /* Preview Assets.xcassets */ = {isa = PBXFileReference; lastKnownFileType = folder.assetcatalog; path = "Preview Assets.xcassets"; sourceTree = "<group>"; };
		731F033E2CDEEAC300D72C42 /* EventoriasTests.swift */ = {isa = PBXFileReference; lastKnownFileType = sourcecode.swift; path = EventoriasTests.swift; sourceTree = "<group>"; };
		731F03482CDEEAC300D72C42 /* EventoriasUITests.swift */ = {isa = PBXFileReference; lastKnownFileType = sourcecode.swift; path = EventoriasUITests.swift; sourceTree = "<group>"; };
		731F034A2CDEEAC300D72C42 /* EventoriasUITestsLaunchTests.swift */ = {isa = PBXFileReference; lastKnownFileType = sourcecode.swift; path = EventoriasUITestsLaunchTests.swift; sourceTree = "<group>"; };
		731F03572CDF5F1600D72C42 /* GoogleService-Info.plist */ = {isa = PBXFileReference; fileEncoding = 4; lastKnownFileType = text.plist.xml; path = "GoogleService-Info.plist"; sourceTree = "<group>"; };
		731F035F2CDF695100D72C42 /* AppDelegateAdaptator.swift */ = {isa = PBXFileReference; lastKnownFileType = sourcecode.swift; path = AppDelegateAdaptator.swift; sourceTree = "<group>"; };
		731F03612CDF6B4800D72C42 /* SignInView.swift */ = {isa = PBXFileReference; lastKnownFileType = sourcecode.swift; path = SignInView.swift; sourceTree = "<group>"; };
		73D1C5802CE0FDCD00A87D65 /* Eventorias.app */ = {isa = PBXFileReference; explicitFileType = wrapper.application; includeInIndex = 0; path = Eventorias.app; sourceTree = BUILT_PRODUCTS_DIR; };
		73D1C5812CE0FDCD00A87D65 /* EventoriasTests.xctest */ = {isa = PBXFileReference; explicitFileType = wrapper.cfbundle; includeInIndex = 0; path = EventoriasTests.xctest; sourceTree = BUILT_PRODUCTS_DIR; };
		73D1C5822CE0FDCD00A87D65 /* EventoriasUITests.xctest */ = {isa = PBXFileReference; explicitFileType = wrapper.cfbundle; includeInIndex = 0; path = EventoriasUITests.xctest; sourceTree = BUILT_PRODUCTS_DIR; };
		73D1C5852CE11A5000A87D65 /* EntryFieldView.swift */ = {isa = PBXFileReference; lastKnownFileType = sourcecode.swift; path = EntryFieldView.swift; sourceTree = "<group>"; };
		73D1C5872CE11B0500A87D65 /* RegistrationView.swift */ = {isa = PBXFileReference; lastKnownFileType = sourcecode.swift; path = RegistrationView.swift; sourceTree = "<group>"; };
		73D1C5892CE12A1900A87D65 /* PasswordEntryFieldView.swift */ = {isa = PBXFileReference; lastKnownFileType = sourcecode.swift; path = PasswordEntryFieldView.swift; sourceTree = "<group>"; };
		73D1C58B2CE1421200A87D65 /* EventListView.swift */ = {isa = PBXFileReference; lastKnownFileType = sourcecode.swift; path = EventListView.swift; sourceTree = "<group>"; };
		73D1C58F2CE159D700A87D65 /* SignInViewModel.swift */ = {isa = PBXFileReference; lastKnownFileType = sourcecode.swift; path = SignInViewModel.swift; sourceTree = "<group>"; };
		73D1C5932CE1649D00A87D65 /* AuthenticationServiceProtocol.swift */ = {isa = PBXFileReference; lastKnownFileType = sourcecode.swift; path = AuthenticationServiceProtocol.swift; sourceTree = "<group>"; };
		73D1C5952CE1650500A87D65 /* AuthenticationService.swift */ = {isa = PBXFileReference; lastKnownFileType = sourcecode.swift; path = AuthenticationService.swift; sourceTree = "<group>"; };
		73D1C5972CE16AF300A87D65 /* RedButton.swift */ = {isa = PBXFileReference; lastKnownFileType = sourcecode.swift; path = RedButton.swift; sourceTree = "<group>"; };
		73D1C5992CE225F000A87D65 /* RegistrationViewModel.swift */ = {isa = PBXFileReference; lastKnownFileType = sourcecode.swift; path = RegistrationViewModel.swift; sourceTree = "<group>"; };
/* End PBXFileReference section */

/* Begin PBXFrameworksBuildPhase section */
		731F03272CDEEAC100D72C42 /* Frameworks */ = {
			isa = PBXFrameworksBuildPhase;
			buildActionMask = 2147483647;
			files = (
				731F035E2CDF65DD00D72C42 /* FirebaseDatabase in Frameworks */,
				731F035C2CDF65DD00D72C42 /* FirebaseAuth in Frameworks */,
			);
			runOnlyForDeploymentPostprocessing = 0;
		};
		731F03372CDEEAC300D72C42 /* Frameworks */ = {
			isa = PBXFrameworksBuildPhase;
			buildActionMask = 2147483647;
			files = (
			);
			runOnlyForDeploymentPostprocessing = 0;
		};
		731F03412CDEEAC300D72C42 /* Frameworks */ = {
			isa = PBXFrameworksBuildPhase;
			buildActionMask = 2147483647;
			files = (
			);
			runOnlyForDeploymentPostprocessing = 0;
		};
/* End PBXFrameworksBuildPhase section */

/* Begin PBXGroup section */
		731F03212CDEEAC100D72C42 = {
			isa = PBXGroup;
			children = (
				731F03572CDF5F1600D72C42 /* GoogleService-Info.plist */,
				731F032C2CDEEAC100D72C42 /* Eventorias */,
				731F033D2CDEEAC300D72C42 /* EventoriasTests */,
				731F03472CDEEAC300D72C42 /* EventoriasUITests */,
				731F035A2CDF65DD00D72C42 /* Frameworks */,
				73D1C5802CE0FDCD00A87D65 /* Eventorias.app */,
				73D1C5812CE0FDCD00A87D65 /* EventoriasTests.xctest */,
				73D1C5822CE0FDCD00A87D65 /* EventoriasUITests.xctest */,
			);
			sourceTree = "<group>";
		};
		731F032C2CDEEAC100D72C42 /* Eventorias */ = {
			isa = PBXGroup;
			children = (
				73D1C58E2CE159C600A87D65 /* ViewModel */,
				73D1C58D2CE159BC00A87D65 /* View */,
				731F032D2CDEEAC100D72C42 /* EventoriasApp.swift */,
				73D1C5932CE1649D00A87D65 /* AuthenticationServiceProtocol.swift */,
				73D1C5952CE1650500A87D65 /* AuthenticationService.swift */,
				731F03312CDEEAC300D72C42 /* Assets.xcassets */,
				731F03332CDEEAC300D72C42 /* Preview Content */,
				731F035F2CDF695100D72C42 /* AppDelegateAdaptator.swift */,
				731F03612CDF6B4800D72C42 /* SignInView.swift */,
				73D1C5972CE16AF300A87D65 /* RedButton.swift */,
				73D1C58B2CE1421200A87D65 /* EventListView.swift */,
				73D1C5892CE12A1900A87D65 /* PasswordEntryFieldView.swift */,
				73D1C5872CE11B0500A87D65 /* RegistrationView.swift */,
				73D1C5852CE11A5000A87D65 /* EntryFieldView.swift */,
			);
			path = Eventorias;
			sourceTree = "<group>";
		};
		731F03332CDEEAC300D72C42 /* Preview Content */ = {
			isa = PBXGroup;
			children = (
				731F03342CDEEAC300D72C42 /* Preview Assets.xcassets */,
			);
			path = "Preview Content";
			sourceTree = "<group>";
		};
		731F033D2CDEEAC300D72C42 /* EventoriasTests */ = {
			isa = PBXGroup;
			children = (
				731F033E2CDEEAC300D72C42 /* EventoriasTests.swift */,
			);
			path = EventoriasTests;
			sourceTree = "<group>";
		};
		731F03472CDEEAC300D72C42 /* EventoriasUITests */ = {
			isa = PBXGroup;
			children = (
				731F03482CDEEAC300D72C42 /* EventoriasUITests.swift */,
				731F034A2CDEEAC300D72C42 /* EventoriasUITestsLaunchTests.swift */,
			);
			path = EventoriasUITests;
			sourceTree = "<group>";
		};
		731F035A2CDF65DD00D72C42 /* Frameworks */ = {
			isa = PBXGroup;
			children = (
			);
			name = Frameworks;
			sourceTree = "<group>";
		};
		73D1C58D2CE159BC00A87D65 /* View */ = {
			isa = PBXGroup;
			children = (
			);
			path = View;
			sourceTree = "<group>";
		};
		73D1C58E2CE159C600A87D65 /* ViewModel */ = {
			isa = PBXGroup;
			children = (
				73D1C58F2CE159D700A87D65 /* SignInViewModel.swift */,
				73D1C5992CE225F000A87D65 /* RegistrationViewModel.swift */,
			);
			path = ViewModel;
			sourceTree = "<group>";
		};
/* End PBXGroup section */

/* Begin PBXNativeTarget section */
		731F03292CDEEAC100D72C42 /* Eventorias */ = {
			isa = PBXNativeTarget;
			buildConfigurationList = 731F034E2CDEEAC300D72C42 /* Build configuration list for PBXNativeTarget "Eventorias" */;
			buildPhases = (
				731F03262CDEEAC100D72C42 /* Sources */,
				731F03272CDEEAC100D72C42 /* Frameworks */,
				731F03282CDEEAC100D72C42 /* Resources */,
			);
			buildRules = (
			);
			dependencies = (
			);
			name = Eventorias;
			packageProductDependencies = (
				731F035B2CDF65DD00D72C42 /* FirebaseAuth */,
				731F035D2CDF65DD00D72C42 /* FirebaseDatabase */,
			);
			productName = Eventorias;
			productReference = 73D1C5802CE0FDCD00A87D65 /* Eventorias.app */;
			productType = "com.apple.product-type.application";
		};
		731F03392CDEEAC300D72C42 /* EventoriasTests */ = {
			isa = PBXNativeTarget;
			buildConfigurationList = 731F03512CDEEAC300D72C42 /* Build configuration list for PBXNativeTarget "EventoriasTests" */;
			buildPhases = (
				731F03362CDEEAC300D72C42 /* Sources */,
				731F03372CDEEAC300D72C42 /* Frameworks */,
				731F03382CDEEAC300D72C42 /* Resources */,
			);
			buildRules = (
			);
			dependencies = (
				731F033C2CDEEAC300D72C42 /* PBXTargetDependency */,
			);
			name = EventoriasTests;
			productName = EventoriasTests;
			productReference = 73D1C5812CE0FDCD00A87D65 /* EventoriasTests.xctest */;
			productType = "com.apple.product-type.bundle.unit-test";
		};
		731F03432CDEEAC300D72C42 /* EventoriasUITests */ = {
			isa = PBXNativeTarget;
			buildConfigurationList = 731F03542CDEEAC300D72C42 /* Build configuration list for PBXNativeTarget "EventoriasUITests" */;
			buildPhases = (
				731F03402CDEEAC300D72C42 /* Sources */,
				731F03412CDEEAC300D72C42 /* Frameworks */,
				731F03422CDEEAC300D72C42 /* Resources */,
			);
			buildRules = (
			);
			dependencies = (
				731F03462CDEEAC300D72C42 /* PBXTargetDependency */,
			);
			name = EventoriasUITests;
			productName = EventoriasUITests;
			productReference = 73D1C5822CE0FDCD00A87D65 /* EventoriasUITests.xctest */;
			productType = "com.apple.product-type.bundle.ui-testing";
		};
/* End PBXNativeTarget section */

/* Begin PBXProject section */
		731F03222CDEEAC100D72C42 /* Project object */ = {
			isa = PBXProject;
			attributes = {
				BuildIndependentTargetsInParallel = 1;
				LastSwiftUpdateCheck = 1500;
				LastUpgradeCheck = 1500;
				TargetAttributes = {
					731F03292CDEEAC100D72C42 = {
						CreatedOnToolsVersion = 15.0;
					};
					731F03392CDEEAC300D72C42 = {
						CreatedOnToolsVersion = 15.0;
						TestTargetID = 731F03292CDEEAC100D72C42;
					};
					731F03432CDEEAC300D72C42 = {
						CreatedOnToolsVersion = 15.0;
						TestTargetID = 731F03292CDEEAC100D72C42;
					};
				};
			};
			buildConfigurationList = 731F03252CDEEAC100D72C42 /* Build configuration list for PBXProject "Eventorias" */;
			compatibilityVersion = "Xcode 14.0";
			developmentRegion = en;
			hasScannedForEncodings = 0;
			knownRegions = (
				en,
				Base,
			);
			mainGroup = 731F03212CDEEAC100D72C42;
			packageReferences = (
				731F03592CDF615000D72C42 /* XCRemoteSwiftPackageReference "firebase-ios-sdk" */,
			);
			productRefGroup = 731F03212CDEEAC100D72C42;
			projectDirPath = "";
			projectRoot = "";
			targets = (
				731F03292CDEEAC100D72C42 /* Eventorias */,
				731F03392CDEEAC300D72C42 /* EventoriasTests */,
				731F03432CDEEAC300D72C42 /* EventoriasUITests */,
			);
		};
/* End PBXProject section */

/* Begin PBXResourcesBuildPhase section */
		731F03282CDEEAC100D72C42 /* Resources */ = {
			isa = PBXResourcesBuildPhase;
			buildActionMask = 2147483647;
			files = (
				731F03352CDEEAC300D72C42 /* Preview Assets.xcassets in Resources */,
				731F03322CDEEAC300D72C42 /* Assets.xcassets in Resources */,
				731F03582CDF5F1600D72C42 /* GoogleService-Info.plist in Resources */,
			);
			runOnlyForDeploymentPostprocessing = 0;
		};
		731F03382CDEEAC300D72C42 /* Resources */ = {
			isa = PBXResourcesBuildPhase;
			buildActionMask = 2147483647;
			files = (
			);
			runOnlyForDeploymentPostprocessing = 0;
		};
		731F03422CDEEAC300D72C42 /* Resources */ = {
			isa = PBXResourcesBuildPhase;
			buildActionMask = 2147483647;
			files = (
			);
			runOnlyForDeploymentPostprocessing = 0;
		};
/* End PBXResourcesBuildPhase section */

/* Begin PBXSourcesBuildPhase section */
		731F03262CDEEAC100D72C42 /* Sources */ = {
			isa = PBXSourcesBuildPhase;
			buildActionMask = 2147483647;
			files = (
				73D1C5862CE11A5000A87D65 /* EntryFieldView.swift in Sources */,
				73D1C59A2CE225F000A87D65 /* RegistrationViewModel.swift in Sources */,
				73D1C5942CE1649D00A87D65 /* AuthenticationServiceProtocol.swift in Sources */,
				731F03602CDF695100D72C42 /* AppDelegateAdaptator.swift in Sources */,
				73D1C5962CE1650500A87D65 /* AuthenticationService.swift in Sources */,
				731F03622CDF6B4800D72C42 /* SignInView.swift in Sources */,
				73D1C58C2CE1421200A87D65 /* EventListView.swift in Sources */,
				73D1C5902CE159D700A87D65 /* SignInViewModel.swift in Sources */,
				73D1C58A2CE12A1900A87D65 /* PasswordEntryFieldView.swift in Sources */,
				73D1C5982CE16AF400A87D65 /* RedButton.swift in Sources */,
				73D1C5882CE11B0500A87D65 /* RegistrationView.swift in Sources */,
				731F032E2CDEEAC100D72C42 /* EventoriasApp.swift in Sources */,
			);
			runOnlyForDeploymentPostprocessing = 0;
		};
		731F03362CDEEAC300D72C42 /* Sources */ = {
			isa = PBXSourcesBuildPhase;
			buildActionMask = 2147483647;
			files = (
				731F033F2CDEEAC300D72C42 /* EventoriasTests.swift in Sources */,
			);
			runOnlyForDeploymentPostprocessing = 0;
		};
		731F03402CDEEAC300D72C42 /* Sources */ = {
			isa = PBXSourcesBuildPhase;
			buildActionMask = 2147483647;
			files = (
				731F034B2CDEEAC300D72C42 /* EventoriasUITestsLaunchTests.swift in Sources */,
				731F03492CDEEAC300D72C42 /* EventoriasUITests.swift in Sources */,
			);
			runOnlyForDeploymentPostprocessing = 0;
		};
/* End PBXSourcesBuildPhase section */

/* Begin PBXTargetDependency section */
		731F033C2CDEEAC300D72C42 /* PBXTargetDependency */ = {
			isa = PBXTargetDependency;
			target = 731F03292CDEEAC100D72C42 /* Eventorias */;
			targetProxy = 731F033B2CDEEAC300D72C42 /* PBXContainerItemProxy */;
		};
		731F03462CDEEAC300D72C42 /* PBXTargetDependency */ = {
			isa = PBXTargetDependency;
			target = 731F03292CDEEAC100D72C42 /* Eventorias */;
			targetProxy = 731F03452CDEEAC300D72C42 /* PBXContainerItemProxy */;
		};
/* End PBXTargetDependency section */

/* Begin XCBuildConfiguration section */
		731F034C2CDEEAC300D72C42 /* Debug */ = {
			isa = XCBuildConfiguration;
			buildSettings = {
				ALWAYS_SEARCH_USER_PATHS = NO;
				ASSETCATALOG_COMPILER_GENERATE_SWIFT_ASSET_SYMBOL_EXTENSIONS = YES;
				CLANG_ANALYZER_NONNULL = YES;
				CLANG_ANALYZER_NUMBER_OBJECT_CONVERSION = YES_AGGRESSIVE;
				CLANG_CXX_LANGUAGE_STANDARD = "gnu++20";
				CLANG_ENABLE_MODULES = YES;
				CLANG_ENABLE_OBJC_ARC = YES;
				CLANG_ENABLE_OBJC_WEAK = YES;
				CLANG_WARN_BLOCK_CAPTURE_AUTORELEASING = YES;
				CLANG_WARN_BOOL_CONVERSION = YES;
				CLANG_WARN_COMMA = YES;
				CLANG_WARN_CONSTANT_CONVERSION = YES;
				CLANG_WARN_DEPRECATED_OBJC_IMPLEMENTATIONS = YES;
				CLANG_WARN_DIRECT_OBJC_ISA_USAGE = YES_ERROR;
				CLANG_WARN_DOCUMENTATION_COMMENTS = YES;
				CLANG_WARN_EMPTY_BODY = YES;
				CLANG_WARN_ENUM_CONVERSION = YES;
				CLANG_WARN_INFINITE_RECURSION = YES;
				CLANG_WARN_INT_CONVERSION = YES;
				CLANG_WARN_NON_LITERAL_NULL_CONVERSION = YES;
				CLANG_WARN_OBJC_IMPLICIT_RETAIN_SELF = YES;
				CLANG_WARN_OBJC_LITERAL_CONVERSION = YES;
				CLANG_WARN_OBJC_ROOT_CLASS = YES_ERROR;
				CLANG_WARN_QUOTED_INCLUDE_IN_FRAMEWORK_HEADER = YES;
				CLANG_WARN_RANGE_LOOP_ANALYSIS = YES;
				CLANG_WARN_STRICT_PROTOTYPES = YES;
				CLANG_WARN_SUSPICIOUS_MOVE = YES;
				CLANG_WARN_UNGUARDED_AVAILABILITY = YES_AGGRESSIVE;
				CLANG_WARN_UNREACHABLE_CODE = YES;
				CLANG_WARN__DUPLICATE_METHOD_MATCH = YES;
				COPY_PHASE_STRIP = NO;
				DEBUG_INFORMATION_FORMAT = dwarf;
				ENABLE_STRICT_OBJC_MSGSEND = YES;
				ENABLE_TESTABILITY = YES;
				ENABLE_USER_SCRIPT_SANDBOXING = YES;
				GCC_C_LANGUAGE_STANDARD = gnu17;
				GCC_DYNAMIC_NO_PIC = NO;
				GCC_NO_COMMON_BLOCKS = YES;
				GCC_OPTIMIZATION_LEVEL = 0;
				GCC_PREPROCESSOR_DEFINITIONS = (
					"DEBUG=1",
					"$(inherited)",
				);
				GCC_WARN_64_TO_32_BIT_CONVERSION = YES;
				GCC_WARN_ABOUT_RETURN_TYPE = YES_ERROR;
				GCC_WARN_UNDECLARED_SELECTOR = YES;
				GCC_WARN_UNINITIALIZED_AUTOS = YES_AGGRESSIVE;
				GCC_WARN_UNUSED_FUNCTION = YES;
				GCC_WARN_UNUSED_VARIABLE = YES;
				IPHONEOS_DEPLOYMENT_TARGET = 17.0;
				LOCALIZATION_PREFERS_STRING_CATALOGS = YES;
				MTL_ENABLE_DEBUG_INFO = INCLUDE_SOURCE;
				MTL_FAST_MATH = YES;
				ONLY_ACTIVE_ARCH = YES;
				SDKROOT = iphoneos;
				SWIFT_ACTIVE_COMPILATION_CONDITIONS = "DEBUG $(inherited)";
				SWIFT_OPTIMIZATION_LEVEL = "-Onone";
			};
			name = Debug;
		};
		731F034D2CDEEAC300D72C42 /* Release */ = {
			isa = XCBuildConfiguration;
			buildSettings = {
				ALWAYS_SEARCH_USER_PATHS = NO;
				ASSETCATALOG_COMPILER_GENERATE_SWIFT_ASSET_SYMBOL_EXTENSIONS = YES;
				CLANG_ANALYZER_NONNULL = YES;
				CLANG_ANALYZER_NUMBER_OBJECT_CONVERSION = YES_AGGRESSIVE;
				CLANG_CXX_LANGUAGE_STANDARD = "gnu++20";
				CLANG_ENABLE_MODULES = YES;
				CLANG_ENABLE_OBJC_ARC = YES;
				CLANG_ENABLE_OBJC_WEAK = YES;
				CLANG_WARN_BLOCK_CAPTURE_AUTORELEASING = YES;
				CLANG_WARN_BOOL_CONVERSION = YES;
				CLANG_WARN_COMMA = YES;
				CLANG_WARN_CONSTANT_CONVERSION = YES;
				CLANG_WARN_DEPRECATED_OBJC_IMPLEMENTATIONS = YES;
				CLANG_WARN_DIRECT_OBJC_ISA_USAGE = YES_ERROR;
				CLANG_WARN_DOCUMENTATION_COMMENTS = YES;
				CLANG_WARN_EMPTY_BODY = YES;
				CLANG_WARN_ENUM_CONVERSION = YES;
				CLANG_WARN_INFINITE_RECURSION = YES;
				CLANG_WARN_INT_CONVERSION = YES;
				CLANG_WARN_NON_LITERAL_NULL_CONVERSION = YES;
				CLANG_WARN_OBJC_IMPLICIT_RETAIN_SELF = YES;
				CLANG_WARN_OBJC_LITERAL_CONVERSION = YES;
				CLANG_WARN_OBJC_ROOT_CLASS = YES_ERROR;
				CLANG_WARN_QUOTED_INCLUDE_IN_FRAMEWORK_HEADER = YES;
				CLANG_WARN_RANGE_LOOP_ANALYSIS = YES;
				CLANG_WARN_STRICT_PROTOTYPES = YES;
				CLANG_WARN_SUSPICIOUS_MOVE = YES;
				CLANG_WARN_UNGUARDED_AVAILABILITY = YES_AGGRESSIVE;
				CLANG_WARN_UNREACHABLE_CODE = YES;
				CLANG_WARN__DUPLICATE_METHOD_MATCH = YES;
				COPY_PHASE_STRIP = NO;
				DEBUG_INFORMATION_FORMAT = "dwarf-with-dsym";
				ENABLE_NS_ASSERTIONS = NO;
				ENABLE_STRICT_OBJC_MSGSEND = YES;
				ENABLE_USER_SCRIPT_SANDBOXING = YES;
				GCC_C_LANGUAGE_STANDARD = gnu17;
				GCC_NO_COMMON_BLOCKS = YES;
				GCC_WARN_64_TO_32_BIT_CONVERSION = YES;
				GCC_WARN_ABOUT_RETURN_TYPE = YES_ERROR;
				GCC_WARN_UNDECLARED_SELECTOR = YES;
				GCC_WARN_UNINITIALIZED_AUTOS = YES_AGGRESSIVE;
				GCC_WARN_UNUSED_FUNCTION = YES;
				GCC_WARN_UNUSED_VARIABLE = YES;
				IPHONEOS_DEPLOYMENT_TARGET = 17.0;
				LOCALIZATION_PREFERS_STRING_CATALOGS = YES;
				MTL_ENABLE_DEBUG_INFO = NO;
				MTL_FAST_MATH = YES;
				SDKROOT = iphoneos;
				SWIFT_COMPILATION_MODE = wholemodule;
				VALIDATE_PRODUCT = YES;
			};
			name = Release;
		};
		731F034F2CDEEAC300D72C42 /* Debug */ = {
			isa = XCBuildConfiguration;
			buildSettings = {
				ASSETCATALOG_COMPILER_APPICON_NAME = AppIcon;
				ASSETCATALOG_COMPILER_GLOBAL_ACCENT_COLOR_NAME = AccentColor;
				CODE_SIGN_STYLE = Automatic;
				CURRENT_PROJECT_VERSION = 1;
				DEVELOPMENT_ASSET_PATHS = "\"Eventorias/Preview Content\"";
				ENABLE_PREVIEWS = YES;
				GENERATE_INFOPLIST_FILE = YES;
				INFOPLIST_KEY_UIApplicationSceneManifest_Generation = YES;
				INFOPLIST_KEY_UIApplicationSupportsIndirectInputEvents = YES;
				INFOPLIST_KEY_UILaunchScreen_Generation = YES;
				INFOPLIST_KEY_UISupportedInterfaceOrientations_iPad = "UIInterfaceOrientationPortrait UIInterfaceOrientationPortraitUpsideDown UIInterfaceOrientationLandscapeLeft UIInterfaceOrientationLandscapeRight";
				INFOPLIST_KEY_UISupportedInterfaceOrientations_iPhone = "UIInterfaceOrientationPortrait UIInterfaceOrientationLandscapeLeft UIInterfaceOrientationLandscapeRight";
				LD_RUNPATH_SEARCH_PATHS = (
					"$(inherited)",
					"@executable_path/Frameworks",
				);
				MARKETING_VERSION = 1.0;
				PRODUCT_BUNDLE_IDENTIFIER = louise.Eventorias;
				PRODUCT_NAME = "$(TARGET_NAME)";
				SWIFT_EMIT_LOC_STRINGS = YES;
				SWIFT_VERSION = 5.0;
				TARGETED_DEVICE_FAMILY = "1,2";
			};
			name = Debug;
		};
		731F03502CDEEAC300D72C42 /* Release */ = {
			isa = XCBuildConfiguration;
			buildSettings = {
				ASSETCATALOG_COMPILER_APPICON_NAME = AppIcon;
				ASSETCATALOG_COMPILER_GLOBAL_ACCENT_COLOR_NAME = AccentColor;
				CODE_SIGN_STYLE = Automatic;
				CURRENT_PROJECT_VERSION = 1;
				DEVELOPMENT_ASSET_PATHS = "\"Eventorias/Preview Content\"";
				ENABLE_PREVIEWS = YES;
				GENERATE_INFOPLIST_FILE = YES;
				INFOPLIST_KEY_UIApplicationSceneManifest_Generation = YES;
				INFOPLIST_KEY_UIApplicationSupportsIndirectInputEvents = YES;
				INFOPLIST_KEY_UILaunchScreen_Generation = YES;
				INFOPLIST_KEY_UISupportedInterfaceOrientations_iPad = "UIInterfaceOrientationPortrait UIInterfaceOrientationPortraitUpsideDown UIInterfaceOrientationLandscapeLeft UIInterfaceOrientationLandscapeRight";
				INFOPLIST_KEY_UISupportedInterfaceOrientations_iPhone = "UIInterfaceOrientationPortrait UIInterfaceOrientationLandscapeLeft UIInterfaceOrientationLandscapeRight";
				LD_RUNPATH_SEARCH_PATHS = (
					"$(inherited)",
					"@executable_path/Frameworks",
				);
				MARKETING_VERSION = 1.0;
				PRODUCT_BUNDLE_IDENTIFIER = louise.Eventorias;
				PRODUCT_NAME = "$(TARGET_NAME)";
				SWIFT_EMIT_LOC_STRINGS = YES;
				SWIFT_VERSION = 5.0;
				TARGETED_DEVICE_FAMILY = "1,2";
			};
			name = Release;
		};
		731F03522CDEEAC300D72C42 /* Debug */ = {
			isa = XCBuildConfiguration;
			buildSettings = {
				ALWAYS_EMBED_SWIFT_STANDARD_LIBRARIES = YES;
				BUNDLE_LOADER = "$(TEST_HOST)";
				CODE_SIGN_STYLE = Automatic;
				CURRENT_PROJECT_VERSION = 1;
				GENERATE_INFOPLIST_FILE = YES;
				IPHONEOS_DEPLOYMENT_TARGET = 17.0;
				MARKETING_VERSION = 1.0;
				PRODUCT_BUNDLE_IDENTIFIER = louise.EventoriasTests;
				PRODUCT_NAME = "$(TARGET_NAME)";
				SWIFT_EMIT_LOC_STRINGS = NO;
				SWIFT_VERSION = 5.0;
				TARGETED_DEVICE_FAMILY = "1,2";
				TEST_HOST = "$(BUILT_PRODUCTS_DIR)/Eventorias.app/$(BUNDLE_EXECUTABLE_FOLDER_PATH)/Eventorias";
			};
			name = Debug;
		};
		731F03532CDEEAC300D72C42 /* Release */ = {
			isa = XCBuildConfiguration;
			buildSettings = {
				ALWAYS_EMBED_SWIFT_STANDARD_LIBRARIES = YES;
				BUNDLE_LOADER = "$(TEST_HOST)";
				CODE_SIGN_STYLE = Automatic;
				CURRENT_PROJECT_VERSION = 1;
				GENERATE_INFOPLIST_FILE = YES;
				IPHONEOS_DEPLOYMENT_TARGET = 17.0;
				MARKETING_VERSION = 1.0;
				PRODUCT_BUNDLE_IDENTIFIER = louise.EventoriasTests;
				PRODUCT_NAME = "$(TARGET_NAME)";
				SWIFT_EMIT_LOC_STRINGS = NO;
				SWIFT_VERSION = 5.0;
				TARGETED_DEVICE_FAMILY = "1,2";
				TEST_HOST = "$(BUILT_PRODUCTS_DIR)/Eventorias.app/$(BUNDLE_EXECUTABLE_FOLDER_PATH)/Eventorias";
			};
			name = Release;
		};
		731F03552CDEEAC300D72C42 /* Debug */ = {
			isa = XCBuildConfiguration;
			buildSettings = {
				ALWAYS_EMBED_SWIFT_STANDARD_LIBRARIES = YES;
				CODE_SIGN_STYLE = Automatic;
				CURRENT_PROJECT_VERSION = 1;
				GENERATE_INFOPLIST_FILE = YES;
				MARKETING_VERSION = 1.0;
				PRODUCT_BUNDLE_IDENTIFIER = louise.EventoriasUITests;
				PRODUCT_NAME = "$(TARGET_NAME)";
				SWIFT_EMIT_LOC_STRINGS = NO;
				SWIFT_VERSION = 5.0;
				TARGETED_DEVICE_FAMILY = "1,2";
				TEST_TARGET_NAME = Eventorias;
			};
			name = Debug;
		};
		731F03562CDEEAC300D72C42 /* Release */ = {
			isa = XCBuildConfiguration;
			buildSettings = {
				ALWAYS_EMBED_SWIFT_STANDARD_LIBRARIES = YES;
				CODE_SIGN_STYLE = Automatic;
				CURRENT_PROJECT_VERSION = 1;
				GENERATE_INFOPLIST_FILE = YES;
				MARKETING_VERSION = 1.0;
				PRODUCT_BUNDLE_IDENTIFIER = louise.EventoriasUITests;
				PRODUCT_NAME = "$(TARGET_NAME)";
				SWIFT_EMIT_LOC_STRINGS = NO;
				SWIFT_VERSION = 5.0;
				TARGETED_DEVICE_FAMILY = "1,2";
				TEST_TARGET_NAME = Eventorias;
			};
			name = Release;
		};
/* End XCBuildConfiguration section */

/* Begin XCConfigurationList section */
		731F03252CDEEAC100D72C42 /* Build configuration list for PBXProject "Eventorias" */ = {
			isa = XCConfigurationList;
			buildConfigurations = (
				731F034C2CDEEAC300D72C42 /* Debug */,
				731F034D2CDEEAC300D72C42 /* Release */,
			);
			defaultConfigurationIsVisible = 0;
			defaultConfigurationName = Release;
		};
		731F034E2CDEEAC300D72C42 /* Build configuration list for PBXNativeTarget "Eventorias" */ = {
			isa = XCConfigurationList;
			buildConfigurations = (
				731F034F2CDEEAC300D72C42 /* Debug */,
				731F03502CDEEAC300D72C42 /* Release */,
			);
			defaultConfigurationIsVisible = 0;
			defaultConfigurationName = Release;
		};
		731F03512CDEEAC300D72C42 /* Build configuration list for PBXNativeTarget "EventoriasTests" */ = {
			isa = XCConfigurationList;
			buildConfigurations = (
				731F03522CDEEAC300D72C42 /* Debug */,
				731F03532CDEEAC300D72C42 /* Release */,
			);
			defaultConfigurationIsVisible = 0;
			defaultConfigurationName = Release;
		};
		731F03542CDEEAC300D72C42 /* Build configuration list for PBXNativeTarget "EventoriasUITests" */ = {
			isa = XCConfigurationList;
			buildConfigurations = (
				731F03552CDEEAC300D72C42 /* Debug */,
				731F03562CDEEAC300D72C42 /* Release */,
			);
			defaultConfigurationIsVisible = 0;
			defaultConfigurationName = Release;
		};
/* End XCConfigurationList section */

/* Begin XCRemoteSwiftPackageReference section */
		731F03592CDF615000D72C42 /* XCRemoteSwiftPackageReference "firebase-ios-sdk" */ = {
			isa = XCRemoteSwiftPackageReference;
			repositoryURL = "https://github.com/firebase/firebase-ios-sdk";
			requirement = {
				kind = upToNextMajorVersion;
				minimumVersion = 11.4.0;
			};
		};
/* End XCRemoteSwiftPackageReference section */

/* Begin XCSwiftPackageProductDependency section */
		731F035B2CDF65DD00D72C42 /* FirebaseAuth */ = {
			isa = XCSwiftPackageProductDependency;
			package = 731F03592CDF615000D72C42 /* XCRemoteSwiftPackageReference "firebase-ios-sdk" */;
			productName = FirebaseAuth;
		};
		731F035D2CDF65DD00D72C42 /* FirebaseDatabase */ = {
			isa = XCSwiftPackageProductDependency;
			package = 731F03592CDF615000D72C42 /* XCRemoteSwiftPackageReference "firebase-ios-sdk" */;
			productName = FirebaseDatabase;
		};
/* End XCSwiftPackageProductDependency section */
	};
	rootObject = 731F03222CDEEAC100D72C42 /* Project object */;
}
